// !$*UTF8*$!
{
	archiveVersion = 1;
	classes = {
	};
	objectVersion = 50;
	objects = {

/* Begin PBXBuildFile section */
		EA163F77258BA85E000974AB /* StockTrend.swift in Sources */ = {isa = PBXBuildFile; fileRef = EA163F76258BA85E000974AB /* StockTrend.swift */; };
		EA163F78258BA85E000974AB /* StockTrend.swift in Sources */ = {isa = PBXBuildFile; fileRef = EA163F76258BA85E000974AB /* StockTrend.swift */; };
		EA163F79258BA85E000974AB /* StockTrend.swift in Sources */ = {isa = PBXBuildFile; fileRef = EA163F76258BA85E000974AB /* StockTrend.swift */; };
		EAA099C42588020B00DBB93C /* CheckButton.swift in Sources */ = {isa = PBXBuildFile; fileRef = EAA099C32588020B00DBB93C /* CheckButton.swift */; };
		EAC1904A257641160030B331 /* AppDelegate.swift in Sources */ = {isa = PBXBuildFile; fileRef = EAC19049257641160030B331 /* AppDelegate.swift */; };
		EAC1904C257641160030B331 /* SceneDelegate.swift in Sources */ = {isa = PBXBuildFile; fileRef = EAC1904B257641160030B331 /* SceneDelegate.swift */; };
		EAC19051257641160030B331 /* Main.storyboard in Resources */ = {isa = PBXBuildFile; fileRef = EAC1904F257641160030B331 /* Main.storyboard */; };
		EAC19054257641160030B331 /* TrendMyStocks.xcdatamodeld in Sources */ = {isa = PBXBuildFile; fileRef = EAC19052257641160030B331 /* TrendMyStocks.xcdatamodeld */; };
		EAC19056257641180030B331 /* Assets.xcassets in Resources */ = {isa = PBXBuildFile; fileRef = EAC19055257641180030B331 /* Assets.xcassets */; };
		EAC19059257641180030B331 /* LaunchScreen.storyboard in Resources */ = {isa = PBXBuildFile; fileRef = EAC19057257641180030B331 /* LaunchScreen.storyboard */; };
		EAC1908F257642F20030B331 /* CSVImporter.swift in Sources */ = {isa = PBXBuildFile; fileRef = EAC1908E257642F20030B331 /* CSVImporter.swift */; };
		EAC19090257642F20030B331 /* CSVImporter.swift in Sources */ = {isa = PBXBuildFile; fileRef = EAC1908E257642F20030B331 /* CSVImporter.swift */; };
		EAC19091257642F20030B331 /* CSVImporter.swift in Sources */ = {isa = PBXBuildFile; fileRef = EAC1908E257642F20030B331 /* CSVImporter.swift */; };
		EAC190B3257661F60030B331 /* MasterSplitView.swift in Sources */ = {isa = PBXBuildFile; fileRef = EAC190B2257661F60030B331 /* MasterSplitView.swift */; };
		EAC190B4257661F60030B331 /* MasterSplitView.swift in Sources */ = {isa = PBXBuildFile; fileRef = EAC190B2257661F60030B331 /* MasterSplitView.swift */; };
		EAC190B5257661F60030B331 /* MasterSplitView.swift in Sources */ = {isa = PBXBuildFile; fileRef = EAC190B2257661F60030B331 /* MasterSplitView.swift */; };
		EAC190BA257662930030B331 /* StocksListViewController.swift in Sources */ = {isa = PBXBuildFile; fileRef = EAC190B9257662930030B331 /* StocksListViewController.swift */; };
		EAC190BB257662930030B331 /* StocksListViewController.swift in Sources */ = {isa = PBXBuildFile; fileRef = EAC190B9257662930030B331 /* StocksListViewController.swift */; };
		EAC190BC257662930030B331 /* StocksListViewController.swift in Sources */ = {isa = PBXBuildFile; fileRef = EAC190B9257662930030B331 /* StocksListViewController.swift */; };
		EAC190C1257663200030B331 /* PublicVars.swift in Sources */ = {isa = PBXBuildFile; fileRef = EAC190C0257663200030B331 /* PublicVars.swift */; };
		EAC190C2257663200030B331 /* PublicVars.swift in Sources */ = {isa = PBXBuildFile; fileRef = EAC190C0257663200030B331 /* PublicVars.swift */; };
		EAC190C3257663200030B331 /* PublicVars.swift in Sources */ = {isa = PBXBuildFile; fileRef = EAC190C0257663200030B331 /* PublicVars.swift */; };
		EAC190CB257663730030B331 /* Stock.swift in Sources */ = {isa = PBXBuildFile; fileRef = EAC190CA257663730030B331 /* Stock.swift */; };
		EAC190CC257663730030B331 /* Stock.swift in Sources */ = {isa = PBXBuildFile; fileRef = EAC190CA257663730030B331 /* Stock.swift */; };
		EAC190CD257663730030B331 /* Stock.swift in Sources */ = {isa = PBXBuildFile; fileRef = EAC190CA257663730030B331 /* Stock.swift */; };
		EAC190D52576731B0030B331 /* StockChartVC.swift in Sources */ = {isa = PBXBuildFile; fileRef = EAC190D42576731B0030B331 /* StockChartVC.swift */; };
		EAC190D62576731B0030B331 /* StockChartVC.swift in Sources */ = {isa = PBXBuildFile; fileRef = EAC190D42576731B0030B331 /* StockChartVC.swift */; };
		EAC190D72576731B0030B331 /* StockChartVC.swift in Sources */ = {isa = PBXBuildFile; fileRef = EAC190D42576731B0030B331 /* StockChartVC.swift */; };
		EAC190EA2577E2E20030B331 /* ChartContainerView.swift in Sources */ = {isa = PBXBuildFile; fileRef = EAC190E92577E2E20030B331 /* ChartContainerView.swift */; };
		EAC190EB2577E2E20030B331 /* ChartContainerView.swift in Sources */ = {isa = PBXBuildFile; fileRef = EAC190E92577E2E20030B331 /* ChartContainerView.swift */; };
		EAC190EC2577E2E20030B331 /* ChartContainerView.swift in Sources */ = {isa = PBXBuildFile; fileRef = EAC190E92577E2E20030B331 /* ChartContainerView.swift */; };
		EAC190F42577E3B60030B331 /* ChartView.swift in Sources */ = {isa = PBXBuildFile; fileRef = EAC190F32577E3B60030B331 /* ChartView.swift */; };
		EAC190F52577E3B60030B331 /* ChartView.swift in Sources */ = {isa = PBXBuildFile; fileRef = EAC190F32577E3B60030B331 /* ChartView.swift */; };
		EAC190F62577E3B60030B331 /* ChartView.swift in Sources */ = {isa = PBXBuildFile; fileRef = EAC190F32577E3B60030B331 /* ChartView.swift */; };
		EAC2FC3C25A0B76B0060F387 /* DCFValuation+CoreDataClass.swift in Sources */ = {isa = PBXBuildFile; fileRef = EAC2FC3825A0B76B0060F387 /* DCFValuation+CoreDataClass.swift */; };
		EAC2FC3D25A0B76B0060F387 /* DCFValuation+CoreDataClass.swift in Sources */ = {isa = PBXBuildFile; fileRef = EAC2FC3825A0B76B0060F387 /* DCFValuation+CoreDataClass.swift */; };
		EAC2FC3E25A0B76B0060F387 /* DCFValuation+CoreDataClass.swift in Sources */ = {isa = PBXBuildFile; fileRef = EAC2FC3825A0B76B0060F387 /* DCFValuation+CoreDataClass.swift */; };
		EAC2FC3F25A0B76B0060F387 /* DCFValuation+CoreDataProperties.swift in Sources */ = {isa = PBXBuildFile; fileRef = EAC2FC3925A0B76B0060F387 /* DCFValuation+CoreDataProperties.swift */; };
		EAC2FC4025A0B76B0060F387 /* DCFValuation+CoreDataProperties.swift in Sources */ = {isa = PBXBuildFile; fileRef = EAC2FC3925A0B76B0060F387 /* DCFValuation+CoreDataProperties.swift */; };
		EAC2FC4125A0B76B0060F387 /* DCFValuation+CoreDataProperties.swift in Sources */ = {isa = PBXBuildFile; fileRef = EAC2FC3925A0B76B0060F387 /* DCFValuation+CoreDataProperties.swift */; };
		EAC2FC4225A0B76B0060F387 /* Rule1Valuation+CoreDataClass.swift in Sources */ = {isa = PBXBuildFile; fileRef = EAC2FC3A25A0B76B0060F387 /* Rule1Valuation+CoreDataClass.swift */; };
		EAC2FC4325A0B76B0060F387 /* Rule1Valuation+CoreDataClass.swift in Sources */ = {isa = PBXBuildFile; fileRef = EAC2FC3A25A0B76B0060F387 /* Rule1Valuation+CoreDataClass.swift */; };
		EAC2FC4425A0B76B0060F387 /* Rule1Valuation+CoreDataClass.swift in Sources */ = {isa = PBXBuildFile; fileRef = EAC2FC3A25A0B76B0060F387 /* Rule1Valuation+CoreDataClass.swift */; };
		EAC2FC4525A0B76B0060F387 /* Rule1Valuation+CoreDataProperties.swift in Sources */ = {isa = PBXBuildFile; fileRef = EAC2FC3B25A0B76B0060F387 /* Rule1Valuation+CoreDataProperties.swift */; };
		EAC2FC4625A0B76B0060F387 /* Rule1Valuation+CoreDataProperties.swift in Sources */ = {isa = PBXBuildFile; fileRef = EAC2FC3B25A0B76B0060F387 /* Rule1Valuation+CoreDataProperties.swift */; };
		EAC2FC4725A0B76B0060F387 /* Rule1Valuation+CoreDataProperties.swift in Sources */ = {isa = PBXBuildFile; fileRef = EAC2FC3B25A0B76B0060F387 /* Rule1Valuation+CoreDataProperties.swift */; };
		EAC2FC5025A0B93D0060F387 /* StockListCellTableViewCell.swift in Sources */ = {isa = PBXBuildFile; fileRef = EAC2FC4E25A0B93D0060F387 /* StockListCellTableViewCell.swift */; };
		EAC2FC5125A0B93D0060F387 /* StockListCellTableViewCell.swift in Sources */ = {isa = PBXBuildFile; fileRef = EAC2FC4E25A0B93D0060F387 /* StockListCellTableViewCell.swift */; };
		EAC2FC5225A0B93D0060F387 /* StockListCellTableViewCell.swift in Sources */ = {isa = PBXBuildFile; fileRef = EAC2FC4E25A0B93D0060F387 /* StockListCellTableViewCell.swift */; };
		EAC2FC5325A0B93D0060F387 /* StockListCellTableViewCell.xib in Resources */ = {isa = PBXBuildFile; fileRef = EAC2FC4F25A0B93D0060F387 /* StockListCellTableViewCell.xib */; };
		EAC2FC5425A0B93D0060F387 /* StockListCellTableViewCell.xib in Resources */ = {isa = PBXBuildFile; fileRef = EAC2FC4F25A0B93D0060F387 /* StockListCellTableViewCell.xib */; };
		EAC2FC5525A0B93D0060F387 /* StockListCellTableViewCell.xib in Resources */ = {isa = PBXBuildFile; fileRef = EAC2FC4F25A0B93D0060F387 /* StockListCellTableViewCell.xib */; };
		EAC2FC6325A232780060F387 /* ValuationChooser.swift in Sources */ = {isa = PBXBuildFile; fileRef = EAC2FC6225A232780060F387 /* ValuationChooser.swift */; };
		EAC2FC6425A232780060F387 /* ValuationChooser.swift in Sources */ = {isa = PBXBuildFile; fileRef = EAC2FC6225A232780060F387 /* ValuationChooser.swift */; };
		EAC2FC6525A232780060F387 /* ValuationChooser.swift in Sources */ = {isa = PBXBuildFile; fileRef = EAC2FC6225A232780060F387 /* ValuationChooser.swift */; };
		EAC2FC7125A23FFC0060F387 /* ValuationTableViewCell.swift in Sources */ = {isa = PBXBuildFile; fileRef = EAC2FC6F25A23FFC0060F387 /* ValuationTableViewCell.swift */; };
		EAC2FC7225A23FFC0060F387 /* ValuationTableViewCell.swift in Sources */ = {isa = PBXBuildFile; fileRef = EAC2FC6F25A23FFC0060F387 /* ValuationTableViewCell.swift */; };
		EAC2FC7325A23FFC0060F387 /* ValuationTableViewCell.swift in Sources */ = {isa = PBXBuildFile; fileRef = EAC2FC6F25A23FFC0060F387 /* ValuationTableViewCell.swift */; };
		EAC2FC7425A23FFC0060F387 /* ValuationTableViewCell.xib in Resources */ = {isa = PBXBuildFile; fileRef = EAC2FC7025A23FFC0060F387 /* ValuationTableViewCell.xib */; };
		EAC2FC7525A23FFC0060F387 /* ValuationTableViewCell.xib in Resources */ = {isa = PBXBuildFile; fileRef = EAC2FC7025A23FFC0060F387 /* ValuationTableViewCell.xib */; };
		EAC2FC7625A23FFC0060F387 /* ValuationTableViewCell.xib in Resources */ = {isa = PBXBuildFile; fileRef = EAC2FC7025A23FFC0060F387 /* ValuationTableViewCell.xib */; };
		EAC2FC7B25A240290060F387 /* ValuationListViewController.swift in Sources */ = {isa = PBXBuildFile; fileRef = EAC2FC7A25A240290060F387 /* ValuationListViewController.swift */; };
		EAC2FC7C25A240290060F387 /* ValuationListViewController.swift in Sources */ = {isa = PBXBuildFile; fileRef = EAC2FC7A25A240290060F387 /* ValuationListViewController.swift */; };
		EAC2FC7D25A240290060F387 /* ValuationListViewController.swift in Sources */ = {isa = PBXBuildFile; fileRef = EAC2FC7A25A240290060F387 /* ValuationListViewController.swift */; };
		EAC2FC9A25A256AD0060F387 /* ValuationsController.swift in Sources */ = {isa = PBXBuildFile; fileRef = EAC2FC9925A256AD0060F387 /* ValuationsController.swift */; };
		EAC2FC9B25A256AD0060F387 /* ValuationsController.swift in Sources */ = {isa = PBXBuildFile; fileRef = EAC2FC9925A256AD0060F387 /* ValuationsController.swift */; };
		EAC2FC9C25A256AD0060F387 /* ValuationsController.swift in Sources */ = {isa = PBXBuildFile; fileRef = EAC2FC9925A256AD0060F387 /* ValuationsController.swift */; };
		EACF43332582D4C800221CEB /* DocumentBrowserViewController.swift in Sources */ = {isa = PBXBuildFile; fileRef = EACF43322582D4C800221CEB /* DocumentBrowserViewController.swift */; };
		EAED149525A8D0250073C46F /* Bulls'N'BearsTests.swift in Sources */ = {isa = PBXBuildFile; fileRef = EAED149325A8D0250073C46F /* Bulls'N'BearsTests.swift */; };
		EAED14DF25A8D78C0073C46F /* Bulls'N'BearsUITests.swift in Sources */ = {isa = PBXBuildFile; fileRef = EAED14DC25A8D78C0073C46F /* Bulls'N'BearsUITests.swift */; };
/* End PBXBuildFile section */

/* Begin PBXContainerItemProxy section */
		EAC19060257641180030B331 /* PBXContainerItemProxy */ = {
			isa = PBXContainerItemProxy;
			containerPortal = EAC1903E257641160030B331 /* Project object */;
			proxyType = 1;
			remoteGlobalIDString = EAC19045257641160030B331;
			remoteInfo = TrendMyStocks;
		};
		EAC1906B257641180030B331 /* PBXContainerItemProxy */ = {
			isa = PBXContainerItemProxy;
			containerPortal = EAC1903E257641160030B331 /* Project object */;
			proxyType = 1;
			remoteGlobalIDString = EAC19045257641160030B331;
			remoteInfo = TrendMyStocks;
		};
/* End PBXContainerItemProxy section */

/* Begin PBXFileReference section */
		EA163F76258BA85E000974AB /* StockTrend.swift */ = {isa = PBXFileReference; lastKnownFileType = sourcecode.swift; path = StockTrend.swift; sourceTree = "<group>"; };
		EAA099C32588020B00DBB93C /* CheckButton.swift */ = {isa = PBXFileReference; lastKnownFileType = sourcecode.swift; path = CheckButton.swift; sourceTree = "<group>"; };
		EAC19046257641160030B331 /* Bulls'N'Bears.app */ = {isa = PBXFileReference; explicitFileType = wrapper.application; includeInIndex = 0; path = "Bulls'N'Bears.app"; sourceTree = BUILT_PRODUCTS_DIR; };
		EAC19049257641160030B331 /* AppDelegate.swift */ = {isa = PBXFileReference; lastKnownFileType = sourcecode.swift; path = AppDelegate.swift; sourceTree = "<group>"; };
		EAC1904B257641160030B331 /* SceneDelegate.swift */ = {isa = PBXFileReference; lastKnownFileType = sourcecode.swift; path = SceneDelegate.swift; sourceTree = "<group>"; };
		EAC19050257641160030B331 /* Base */ = {isa = PBXFileReference; lastKnownFileType = file.storyboard; name = Base; path = Base.lproj/Main.storyboard; sourceTree = "<group>"; };
		EAC19053257641160030B331 /* TrendMyStocks.xcdatamodel */ = {isa = PBXFileReference; lastKnownFileType = wrapper.xcdatamodel; path = TrendMyStocks.xcdatamodel; sourceTree = "<group>"; };
		EAC19055257641180030B331 /* Assets.xcassets */ = {isa = PBXFileReference; lastKnownFileType = folder.assetcatalog; path = Assets.xcassets; sourceTree = "<group>"; };
		EAC19058257641180030B331 /* Base */ = {isa = PBXFileReference; lastKnownFileType = file.storyboard; name = Base; path = Base.lproj/LaunchScreen.storyboard; sourceTree = "<group>"; };
		EAC1905A257641180030B331 /* Info.plist */ = {isa = PBXFileReference; lastKnownFileType = text.plist.xml; path = Info.plist; sourceTree = "<group>"; };
		EAC1905F257641180030B331 /* Bulls'N'BearsTests.xctest */ = {isa = PBXFileReference; explicitFileType = wrapper.cfbundle; includeInIndex = 0; path = "Bulls'N'BearsTests.xctest"; sourceTree = BUILT_PRODUCTS_DIR; };
		EAC1906A257641180030B331 /* Bulls'N'BearsUITests.xctest */ = {isa = PBXFileReference; explicitFileType = wrapper.cfbundle; includeInIndex = 0; path = "Bulls'N'BearsUITests.xctest"; sourceTree = BUILT_PRODUCTS_DIR; };
		EAC19070257641180030B331 /* Info.plist */ = {isa = PBXFileReference; lastKnownFileType = text.plist.xml; path = Info.plist; sourceTree = "<group>"; };
		EAC1908E257642F20030B331 /* CSVImporter.swift */ = {isa = PBXFileReference; lastKnownFileType = sourcecode.swift; path = CSVImporter.swift; sourceTree = "<group>"; };
		EAC190B2257661F60030B331 /* MasterSplitView.swift */ = {isa = PBXFileReference; lastKnownFileType = sourcecode.swift; path = MasterSplitView.swift; sourceTree = "<group>"; };
		EAC190B9257662930030B331 /* StocksListViewController.swift */ = {isa = PBXFileReference; lastKnownFileType = sourcecode.swift; path = StocksListViewController.swift; sourceTree = "<group>"; };
		EAC190C0257663200030B331 /* PublicVars.swift */ = {isa = PBXFileReference; lastKnownFileType = sourcecode.swift; path = PublicVars.swift; sourceTree = "<group>"; };
		EAC190CA257663730030B331 /* Stock.swift */ = {isa = PBXFileReference; lastKnownFileType = sourcecode.swift; path = Stock.swift; sourceTree = "<group>"; };
		EAC190D42576731B0030B331 /* StockChartVC.swift */ = {isa = PBXFileReference; lastKnownFileType = sourcecode.swift; path = StockChartVC.swift; sourceTree = "<group>"; };
		EAC190E92577E2E20030B331 /* ChartContainerView.swift */ = {isa = PBXFileReference; lastKnownFileType = sourcecode.swift; path = ChartContainerView.swift; sourceTree = "<group>"; };
		EAC190F32577E3B60030B331 /* ChartView.swift */ = {isa = PBXFileReference; lastKnownFileType = sourcecode.swift; path = ChartView.swift; sourceTree = "<group>"; };
		EAC2FC3825A0B76B0060F387 /* DCFValuation+CoreDataClass.swift */ = {isa = PBXFileReference; lastKnownFileType = sourcecode.swift; path = "DCFValuation+CoreDataClass.swift"; sourceTree = "<group>"; };
		EAC2FC3925A0B76B0060F387 /* DCFValuation+CoreDataProperties.swift */ = {isa = PBXFileReference; lastKnownFileType = sourcecode.swift; path = "DCFValuation+CoreDataProperties.swift"; sourceTree = "<group>"; };
		EAC2FC3A25A0B76B0060F387 /* Rule1Valuation+CoreDataClass.swift */ = {isa = PBXFileReference; lastKnownFileType = sourcecode.swift; path = "Rule1Valuation+CoreDataClass.swift"; sourceTree = "<group>"; };
		EAC2FC3B25A0B76B0060F387 /* Rule1Valuation+CoreDataProperties.swift */ = {isa = PBXFileReference; lastKnownFileType = sourcecode.swift; path = "Rule1Valuation+CoreDataProperties.swift"; sourceTree = "<group>"; };
		EAC2FC4E25A0B93D0060F387 /* StockListCellTableViewCell.swift */ = {isa = PBXFileReference; lastKnownFileType = sourcecode.swift; path = StockListCellTableViewCell.swift; sourceTree = "<group>"; };
		EAC2FC4F25A0B93D0060F387 /* StockListCellTableViewCell.xib */ = {isa = PBXFileReference; lastKnownFileType = file.xib; path = StockListCellTableViewCell.xib; sourceTree = "<group>"; };
		EAC2FC6225A232780060F387 /* ValuationChooser.swift */ = {isa = PBXFileReference; lastKnownFileType = sourcecode.swift; path = ValuationChooser.swift; sourceTree = "<group>"; };
		EAC2FC6F25A23FFC0060F387 /* ValuationTableViewCell.swift */ = {isa = PBXFileReference; lastKnownFileType = sourcecode.swift; path = ValuationTableViewCell.swift; sourceTree = "<group>"; };
		EAC2FC7025A23FFC0060F387 /* ValuationTableViewCell.xib */ = {isa = PBXFileReference; lastKnownFileType = file.xib; name = ValuationTableViewCell.xib; path = TrendMyStocks/ValuationTableViewCell.xib; sourceTree = "<group>"; };
		EAC2FC7A25A240290060F387 /* ValuationListViewController.swift */ = {isa = PBXFileReference; lastKnownFileType = sourcecode.swift; path = ValuationListViewController.swift; sourceTree = "<group>"; };
		EAC2FC9925A256AD0060F387 /* ValuationsController.swift */ = {isa = PBXFileReference; lastKnownFileType = sourcecode.swift; path = ValuationsController.swift; sourceTree = "<group>"; };
		EACF43322582D4C800221CEB /* DocumentBrowserViewController.swift */ = {isa = PBXFileReference; fileEncoding = 4; lastKnownFileType = sourcecode.swift; path = DocumentBrowserViewController.swift; sourceTree = "<group>"; };
		EAED149325A8D0250073C46F /* Bulls'N'BearsTests.swift */ = {isa = PBXFileReference; lastKnownFileType = sourcecode.swift; name = "Bulls'N'BearsTests.swift"; path = "TrendMyStocksTests/Bulls'N'BearsTests.swift"; sourceTree = SOURCE_ROOT; };
		EAED14DC25A8D78C0073C46F /* Bulls'N'BearsUITests.swift */ = {isa = PBXFileReference; lastKnownFileType = sourcecode.swift; name = "Bulls'N'BearsUITests.swift"; path = "TrendMyStocksUITests/Bulls'N'BearsUITests.swift"; sourceTree = SOURCE_ROOT; };
/* End PBXFileReference section */

/* Begin PBXFrameworksBuildPhase section */
		EAC19043257641160030B331 /* Frameworks */ = {
			isa = PBXFrameworksBuildPhase;
			buildActionMask = 2147483647;
			files = (
			);
			runOnlyForDeploymentPostprocessing = 0;
		};
		EAC1905C257641180030B331 /* Frameworks */ = {
			isa = PBXFrameworksBuildPhase;
			buildActionMask = 2147483647;
			files = (
			);
			runOnlyForDeploymentPostprocessing = 0;
		};
		EAC19067257641180030B331 /* Frameworks */ = {
			isa = PBXFrameworksBuildPhase;
			buildActionMask = 2147483647;
			files = (
			);
			runOnlyForDeploymentPostprocessing = 0;
		};
/* End PBXFrameworksBuildPhase section */

/* Begin PBXGroup section */
		EAC1903D257641160030B331 = {
			isa = PBXGroup;
			children = (
				EAC1908E257642F20030B331 /* CSVImporter.swift */,
				EAC190C0257663200030B331 /* PublicVars.swift */,
				EAC190CA257663730030B331 /* Stock.swift */,
				EAED148F25A8CFF70073C46F /* Bulls'N'BearsUITests */,
				EAED148425A8CF060073C46F /* Bulls'N'BearsTests */,
				EA163F76258BA85E000974AB /* StockTrend.swift */,
				EAED148325A8CED20073C46F /* Bulls'N'Bears */,
				EAC1904F257641160030B331 /* Main.storyboard */,
				EAC2FC7025A23FFC0060F387 /* ValuationTableViewCell.xib */,
				EAC2FC4F25A0B93D0060F387 /* StockListCellTableViewCell.xib */,
				EAC19048257641160030B331 /* TrendMyStocks */,
				EAC19047257641160030B331 /* Products */,
			);
			sourceTree = "<group>";
		};
		EAC19047257641160030B331 /* Products */ = {
			isa = PBXGroup;
			children = (
				EAC19046257641160030B331 /* Bulls'N'Bears.app */,
				EAC1905F257641180030B331 /* Bulls'N'BearsTests.xctest */,
				EAC1906A257641180030B331 /* Bulls'N'BearsUITests.xctest */,
			);
			name = Products;
			sourceTree = "<group>";
		};
		EAC19048257641160030B331 /* TrendMyStocks */ = {
			isa = PBXGroup;
			children = (
			);
			path = TrendMyStocks;
			sourceTree = "<group>";
		};
		EAC2FC2D25A0B33B0060F387 /* Model Files */ = {
			isa = PBXGroup;
			children = (
				EAC2FC3825A0B76B0060F387 /* DCFValuation+CoreDataClass.swift */,
				EAC2FC3925A0B76B0060F387 /* DCFValuation+CoreDataProperties.swift */,
				EAC2FC3A25A0B76B0060F387 /* Rule1Valuation+CoreDataClass.swift */,
				EAC2FC3B25A0B76B0060F387 /* Rule1Valuation+CoreDataProperties.swift */,
				EAC19052257641160030B331 /* TrendMyStocks.xcdatamodeld */,
			);
			path = "Model Files";
			sourceTree = "<group>";
		};
		EAC2FCA025A256B80060F387 /* Controllers */ = {
			isa = PBXGroup;
			children = (
				EAC2FC9925A256AD0060F387 /* ValuationsController.swift */,
			);
			path = Controllers;
			sourceTree = "<group>";
		};
		EAED148325A8CED20073C46F /* Bulls'N'Bears */ = {
			isa = PBXGroup;
			children = (
				EAFD824925A4D2C000D27566 /* DCFValuation FIles */,
				EACF43322582D4C800221CEB /* DocumentBrowserViewController.swift */,
				EAC19049257641160030B331 /* AppDelegate.swift */,
				EAC1904B257641160030B331 /* SceneDelegate.swift */,
				EAFD825025A4D2D800D27566 /* Main Display Files */,
				EAC19055257641180030B331 /* Assets.xcassets */,
				EAC19057257641180030B331 /* LaunchScreen.storyboard */,
				EAC1905A257641180030B331 /* Info.plist */,
				EAC2FCA025A256B80060F387 /* Controllers */,
				EAC2FC2D25A0B33B0060F387 /* Model Files */,
			);
			path = "Bulls'N'Bears";
			sourceTree = "<group>";
		};
		EAED148425A8CF060073C46F /* Bulls'N'BearsTests */ = {
			isa = PBXGroup;
			children = (
				EAED149325A8D0250073C46F /* Bulls'N'BearsTests.swift */,
			);
			path = "Bulls'N'BearsTests";
			sourceTree = "<group>";
		};
		EAED148F25A8CFF70073C46F /* Bulls'N'BearsUITests */ = {
			isa = PBXGroup;
			children = (
				EAED14DC25A8D78C0073C46F /* Bulls'N'BearsUITests.swift */,
				EAC19070257641180030B331 /* Info.plist */,
			);
			path = "Bulls'N'BearsUITests";
			sourceTree = "<group>";
		};
		EAFD824925A4D2C000D27566 /* DCFValuation FIles */ = {
			isa = PBXGroup;
			children = (
				EAC2FC7A25A240290060F387 /* ValuationListViewController.swift */,
				EAC2FC6F25A23FFC0060F387 /* ValuationTableViewCell.swift */,
				EAC2FC6225A232780060F387 /* ValuationChooser.swift */,
			);
			path = "DCFValuation FIles";
			sourceTree = "<group>";
		};
		EAFD825025A4D2D800D27566 /* Main Display Files */ = {
			isa = PBXGroup;
			children = (
				EAC190B2257661F60030B331 /* MasterSplitView.swift */,
				EAC190B9257662930030B331 /* StocksListViewController.swift */,
				EAC2FC4E25A0B93D0060F387 /* StockListCellTableViewCell.swift */,
				EAC190D42576731B0030B331 /* StockChartVC.swift */,
				EAC190E92577E2E20030B331 /* ChartContainerView.swift */,
				EAA099C32588020B00DBB93C /* CheckButton.swift */,
				EAC190F32577E3B60030B331 /* ChartView.swift */,
			);
			path = "Main Display Files";
			sourceTree = "<group>";
		};
/* End PBXGroup section */

/* Begin PBXNativeTarget section */
		EAC19045257641160030B331 /* Bulls'N'Bears */ = {
			isa = PBXNativeTarget;
			buildConfigurationList = EAC19073257641180030B331 /* Build configuration list for PBXNativeTarget "Bulls'N'Bears" */;
			buildPhases = (
				EAC19042257641160030B331 /* Sources */,
				EAC19043257641160030B331 /* Frameworks */,
				EAC19044257641160030B331 /* Resources */,
			);
			buildRules = (
			);
			dependencies = (
			);
			name = "Bulls'N'Bears";
			productName = TrendMyStocks;
			productReference = EAC19046257641160030B331 /* Bulls'N'Bears.app */;
			productType = "com.apple.product-type.application";
		};
		EAC1905E257641180030B331 /* Bulls'N'BearsTests */ = {
			isa = PBXNativeTarget;
			buildConfigurationList = EAC19076257641180030B331 /* Build configuration list for PBXNativeTarget "Bulls'N'BearsTests" */;
			buildPhases = (
				EAC1905B257641180030B331 /* Sources */,
				EAC1905C257641180030B331 /* Frameworks */,
				EAC1905D257641180030B331 /* Resources */,
			);
			buildRules = (
			);
			dependencies = (
				EAC19061257641180030B331 /* PBXTargetDependency */,
			);
			name = "Bulls'N'BearsTests";
			productName = TrendMyStocksTests;
			productReference = EAC1905F257641180030B331 /* Bulls'N'BearsTests.xctest */;
			productType = "com.apple.product-type.bundle.unit-test";
		};
		EAC19069257641180030B331 /* Bulls'N'BearsUITests */ = {
			isa = PBXNativeTarget;
			buildConfigurationList = EAC19079257641180030B331 /* Build configuration list for PBXNativeTarget "Bulls'N'BearsUITests" */;
			buildPhases = (
				EAC19066257641180030B331 /* Sources */,
				EAC19067257641180030B331 /* Frameworks */,
				EAC19068257641180030B331 /* Resources */,
			);
			buildRules = (
			);
			dependencies = (
				EAC1906C257641180030B331 /* PBXTargetDependency */,
			);
			name = "Bulls'N'BearsUITests";
			productName = TrendMyStocksUITests;
			productReference = EAC1906A257641180030B331 /* Bulls'N'BearsUITests.xctest */;
			productType = "com.apple.product-type.bundle.ui-testing";
		};
/* End PBXNativeTarget section */

/* Begin PBXProject section */
		EAC1903E257641160030B331 /* Project object */ = {
			isa = PBXProject;
			attributes = {
				LastSwiftUpdateCheck = 1220;
				LastUpgradeCheck = 1220;
				TargetAttributes = {
					EAC19045257641160030B331 = {
						CreatedOnToolsVersion = 12.2;
					};
					EAC1905E257641180030B331 = {
						CreatedOnToolsVersion = 12.2;
						TestTargetID = EAC19045257641160030B331;
					};
					EAC19069257641180030B331 = {
						CreatedOnToolsVersion = 12.2;
						TestTargetID = EAC19045257641160030B331;
					};
				};
			};
			buildConfigurationList = EAC19041257641160030B331 /* Build configuration list for PBXProject "Bulls'N'Bears" */;
			compatibilityVersion = "Xcode 9.3";
			developmentRegion = en;
			hasScannedForEncodings = 0;
			knownRegions = (
				en,
				Base,
			);
			mainGroup = EAC1903D257641160030B331;
			productRefGroup = EAC19047257641160030B331 /* Products */;
			projectDirPath = "";
			projectRoot = "";
			targets = (
				EAC19045257641160030B331 /* Bulls'N'Bears */,
				EAC1905E257641180030B331 /* Bulls'N'BearsTests */,
				EAC19069257641180030B331 /* Bulls'N'BearsUITests */,
			);
		};
/* End PBXProject section */

/* Begin PBXResourcesBuildPhase section */
		EAC19044257641160030B331 /* Resources */ = {
			isa = PBXResourcesBuildPhase;
			buildActionMask = 2147483647;
			files = (
				EAC19059257641180030B331 /* LaunchScreen.storyboard in Resources */,
				EAC19056257641180030B331 /* Assets.xcassets in Resources */,
				EAC2FC5325A0B93D0060F387 /* StockListCellTableViewCell.xib in Resources */,
				EAC19051257641160030B331 /* Main.storyboard in Resources */,
				EAC2FC7425A23FFC0060F387 /* ValuationTableViewCell.xib in Resources */,
			);
			runOnlyForDeploymentPostprocessing = 0;
		};
		EAC1905D257641180030B331 /* Resources */ = {
			isa = PBXResourcesBuildPhase;
			buildActionMask = 2147483647;
			files = (
				EAC2FC5425A0B93D0060F387 /* StockListCellTableViewCell.xib in Resources */,
				EAC2FC7525A23FFC0060F387 /* ValuationTableViewCell.xib in Resources */,
			);
			runOnlyForDeploymentPostprocessing = 0;
		};
		EAC19068257641180030B331 /* Resources */ = {
			isa = PBXResourcesBuildPhase;
			buildActionMask = 2147483647;
			files = (
				EAC2FC5525A0B93D0060F387 /* StockListCellTableViewCell.xib in Resources */,
				EAC2FC7625A23FFC0060F387 /* ValuationTableViewCell.xib in Resources */,
			);
			runOnlyForDeploymentPostprocessing = 0;
		};
/* End PBXResourcesBuildPhase section */

/* Begin PBXSourcesBuildPhase section */
		EAC19042257641160030B331 /* Sources */ = {
			isa = PBXSourcesBuildPhase;
			buildActionMask = 2147483647;
			files = (
				EAC19054257641160030B331 /* TrendMyStocks.xcdatamodeld in Sources */,
				EAC190BA257662930030B331 /* StocksListViewController.swift in Sources */,
				EAC190D52576731B0030B331 /* StockChartVC.swift in Sources */,
				EAC190EA2577E2E20030B331 /* ChartContainerView.swift in Sources */,
				EACF43332582D4C800221CEB /* DocumentBrowserViewController.swift in Sources */,
				EAC1908F257642F20030B331 /* CSVImporter.swift in Sources */,
				EA163F77258BA85E000974AB /* StockTrend.swift in Sources */,
				EAC2FC4525A0B76B0060F387 /* Rule1Valuation+CoreDataProperties.swift in Sources */,
				EAC1904A257641160030B331 /* AppDelegate.swift in Sources */,
				EAA099C42588020B00DBB93C /* CheckButton.swift in Sources */,
				EAC2FC4225A0B76B0060F387 /* Rule1Valuation+CoreDataClass.swift in Sources */,
				EAC1904C257641160030B331 /* SceneDelegate.swift in Sources */,
				EAC2FC7125A23FFC0060F387 /* ValuationTableViewCell.swift in Sources */,
				EAC190C1257663200030B331 /* PublicVars.swift in Sources */,
				EAC2FC9A25A256AD0060F387 /* ValuationsController.swift in Sources */,
				EAC2FC3F25A0B76B0060F387 /* DCFValuation+CoreDataProperties.swift in Sources */,
				EAC2FC3C25A0B76B0060F387 /* DCFValuation+CoreDataClass.swift in Sources */,
				EAC2FC7B25A240290060F387 /* ValuationListViewController.swift in Sources */,
				EAC190B3257661F60030B331 /* MasterSplitView.swift in Sources */,
				EAC190CB257663730030B331 /* Stock.swift in Sources */,
				EAC2FC5025A0B93D0060F387 /* StockListCellTableViewCell.swift in Sources */,
				EAC190F42577E3B60030B331 /* ChartView.swift in Sources */,
				EAC2FC6325A232780060F387 /* ValuationChooser.swift in Sources */,
			);
			runOnlyForDeploymentPostprocessing = 0;
		};
		EAC1905B257641180030B331 /* Sources */ = {
			isa = PBXSourcesBuildPhase;
			buildActionMask = 2147483647;
			files = (
				EAC2FC4325A0B76B0060F387 /* Rule1Valuation+CoreDataClass.swift in Sources */,
				EAC190C2257663200030B331 /* PublicVars.swift in Sources */,
				EAC190BB257662930030B331 /* StocksListViewController.swift in Sources */,
				EAC190F52577E3B60030B331 /* ChartView.swift in Sources */,
				EAC190EB2577E2E20030B331 /* ChartContainerView.swift in Sources */,
				EAED149525A8D0250073C46F /* Bulls'N'BearsTests.swift in Sources */,
				EAC190CC257663730030B331 /* Stock.swift in Sources */,
				EAC190D62576731B0030B331 /* StockChartVC.swift in Sources */,
				EAC2FC7225A23FFC0060F387 /* ValuationTableViewCell.swift in Sources */,
				EAC2FC6425A232780060F387 /* ValuationChooser.swift in Sources */,
				EAC19090257642F20030B331 /* CSVImporter.swift in Sources */,
				EAC2FC4625A0B76B0060F387 /* Rule1Valuation+CoreDataProperties.swift in Sources */,
				EAC2FC5125A0B93D0060F387 /* StockListCellTableViewCell.swift in Sources */,
				EA163F78258BA85E000974AB /* StockTrend.swift in Sources */,
				EAC2FC9B25A256AD0060F387 /* ValuationsController.swift in Sources */,
				EAC2FC3D25A0B76B0060F387 /* DCFValuation+CoreDataClass.swift in Sources */,
				EAC190B4257661F60030B331 /* MasterSplitView.swift in Sources */,
				EAC2FC7C25A240290060F387 /* ValuationListViewController.swift in Sources */,
				EAC2FC4025A0B76B0060F387 /* DCFValuation+CoreDataProperties.swift in Sources */,
			);
			runOnlyForDeploymentPostprocessing = 0;
		};
		EAC19066257641180030B331 /* Sources */ = {
			isa = PBXSourcesBuildPhase;
			buildActionMask = 2147483647;
			files = (
				EAC2FC4425A0B76B0060F387 /* Rule1Valuation+CoreDataClass.swift in Sources */,
				EAC190C3257663200030B331 /* PublicVars.swift in Sources */,
				EAC190BC257662930030B331 /* StocksListViewController.swift in Sources */,
				EAC190F62577E3B60030B331 /* ChartView.swift in Sources */,
				EAC190EC2577E2E20030B331 /* ChartContainerView.swift in Sources */,
				EAC190CD257663730030B331 /* Stock.swift in Sources */,
				EAC190D72576731B0030B331 /* StockChartVC.swift in Sources */,
				EAC2FC7325A23FFC0060F387 /* ValuationTableViewCell.swift in Sources */,
				EAC2FC6525A232780060F387 /* ValuationChooser.swift in Sources */,
				EAED14DF25A8D78C0073C46F /* Bulls'N'BearsUITests.swift in Sources */,
				EAC19091257642F20030B331 /* CSVImporter.swift in Sources */,
				EAC2FC4725A0B76B0060F387 /* Rule1Valuation+CoreDataProperties.swift in Sources */,
				EAC2FC5225A0B93D0060F387 /* StockListCellTableViewCell.swift in Sources */,
				EA163F79258BA85E000974AB /* StockTrend.swift in Sources */,
				EAC2FC9C25A256AD0060F387 /* ValuationsController.swift in Sources */,
				EAC2FC3E25A0B76B0060F387 /* DCFValuation+CoreDataClass.swift in Sources */,
				EAC190B5257661F60030B331 /* MasterSplitView.swift in Sources */,
				EAC2FC7D25A240290060F387 /* ValuationListViewController.swift in Sources */,
				EAC2FC4125A0B76B0060F387 /* DCFValuation+CoreDataProperties.swift in Sources */,
			);
			runOnlyForDeploymentPostprocessing = 0;
		};
/* End PBXSourcesBuildPhase section */

/* Begin PBXTargetDependency section */
		EAC19061257641180030B331 /* PBXTargetDependency */ = {
			isa = PBXTargetDependency;
			target = EAC19045257641160030B331 /* Bulls'N'Bears */;
			targetProxy = EAC19060257641180030B331 /* PBXContainerItemProxy */;
		};
		EAC1906C257641180030B331 /* PBXTargetDependency */ = {
			isa = PBXTargetDependency;
			target = EAC19045257641160030B331 /* Bulls'N'Bears */;
			targetProxy = EAC1906B257641180030B331 /* PBXContainerItemProxy */;
		};
/* End PBXTargetDependency section */

/* Begin PBXVariantGroup section */
		EAC1904F257641160030B331 /* Main.storyboard */ = {
			isa = PBXVariantGroup;
			children = (
				EAC19050257641160030B331 /* Base */,
			);
			name = Main.storyboard;
			sourceTree = "<group>";
		};
		EAC19057257641180030B331 /* LaunchScreen.storyboard */ = {
			isa = PBXVariantGroup;
			children = (
				EAC19058257641180030B331 /* Base */,
			);
			name = LaunchScreen.storyboard;
			sourceTree = "<group>";
		};
/* End PBXVariantGroup section */

/* Begin XCBuildConfiguration section */
		EAC19071257641180030B331 /* Debug */ = {
			isa = XCBuildConfiguration;
			buildSettings = {
				ALWAYS_SEARCH_USER_PATHS = NO;
				CLANG_ANALYZER_NONNULL = YES;
				CLANG_ANALYZER_NUMBER_OBJECT_CONVERSION = YES_AGGRESSIVE;
				CLANG_CXX_LANGUAGE_STANDARD = "gnu++14";
				CLANG_CXX_LIBRARY = "libc++";
				CLANG_ENABLE_MODULES = YES;
				CLANG_ENABLE_OBJC_ARC = YES;
				CLANG_ENABLE_OBJC_WEAK = YES;
				CLANG_WARN_BLOCK_CAPTURE_AUTORELEASING = YES;
				CLANG_WARN_BOOL_CONVERSION = YES;
				CLANG_WARN_COMMA = YES;
				CLANG_WARN_CONSTANT_CONVERSION = YES;
				CLANG_WARN_DEPRECATED_OBJC_IMPLEMENTATIONS = YES;
				CLANG_WARN_DIRECT_OBJC_ISA_USAGE = YES_ERROR;
				CLANG_WARN_DOCUMENTATION_COMMENTS = YES;
				CLANG_WARN_EMPTY_BODY = YES;
				CLANG_WARN_ENUM_CONVERSION = YES;
				CLANG_WARN_INFINITE_RECURSION = YES;
				CLANG_WARN_INT_CONVERSION = YES;
				CLANG_WARN_NON_LITERAL_NULL_CONVERSION = YES;
				CLANG_WARN_OBJC_IMPLICIT_RETAIN_SELF = YES;
				CLANG_WARN_OBJC_LITERAL_CONVERSION = YES;
				CLANG_WARN_OBJC_ROOT_CLASS = YES_ERROR;
				CLANG_WARN_QUOTED_INCLUDE_IN_FRAMEWORK_HEADER = YES;
				CLANG_WARN_RANGE_LOOP_ANALYSIS = YES;
				CLANG_WARN_STRICT_PROTOTYPES = YES;
				CLANG_WARN_SUSPICIOUS_MOVE = YES;
				CLANG_WARN_UNGUARDED_AVAILABILITY = YES_AGGRESSIVE;
				CLANG_WARN_UNREACHABLE_CODE = YES;
				CLANG_WARN__DUPLICATE_METHOD_MATCH = YES;
				COPY_PHASE_STRIP = NO;
				DEBUG_INFORMATION_FORMAT = dwarf;
				ENABLE_STRICT_OBJC_MSGSEND = YES;
				ENABLE_TESTABILITY = YES;
				GCC_C_LANGUAGE_STANDARD = gnu11;
				GCC_DYNAMIC_NO_PIC = NO;
				GCC_NO_COMMON_BLOCKS = YES;
				GCC_OPTIMIZATION_LEVEL = 0;
				GCC_PREPROCESSOR_DEFINITIONS = (
					"DEBUG=1",
					"$(inherited)",
				);
				GCC_WARN_64_TO_32_BIT_CONVERSION = YES;
				GCC_WARN_ABOUT_RETURN_TYPE = YES_ERROR;
				GCC_WARN_UNDECLARED_SELECTOR = YES;
				GCC_WARN_UNINITIALIZED_AUTOS = YES_AGGRESSIVE;
				GCC_WARN_UNUSED_FUNCTION = YES;
				GCC_WARN_UNUSED_VARIABLE = YES;
				IPHONEOS_DEPLOYMENT_TARGET = 14.2;
				MTL_ENABLE_DEBUG_INFO = INCLUDE_SOURCE;
				MTL_FAST_MATH = YES;
				ONLY_ACTIVE_ARCH = YES;
				SDKROOT = iphoneos;
				SWIFT_ACTIVE_COMPILATION_CONDITIONS = DEBUG;
				SWIFT_OPTIMIZATION_LEVEL = "-Onone";
			};
			name = Debug;
		};
		EAC19072257641180030B331 /* Release */ = {
			isa = XCBuildConfiguration;
			buildSettings = {
				ALWAYS_SEARCH_USER_PATHS = NO;
				CLANG_ANALYZER_NONNULL = YES;
				CLANG_ANALYZER_NUMBER_OBJECT_CONVERSION = YES_AGGRESSIVE;
				CLANG_CXX_LANGUAGE_STANDARD = "gnu++14";
				CLANG_CXX_LIBRARY = "libc++";
				CLANG_ENABLE_MODULES = YES;
				CLANG_ENABLE_OBJC_ARC = YES;
				CLANG_ENABLE_OBJC_WEAK = YES;
				CLANG_WARN_BLOCK_CAPTURE_AUTORELEASING = YES;
				CLANG_WARN_BOOL_CONVERSION = YES;
				CLANG_WARN_COMMA = YES;
				CLANG_WARN_CONSTANT_CONVERSION = YES;
				CLANG_WARN_DEPRECATED_OBJC_IMPLEMENTATIONS = YES;
				CLANG_WARN_DIRECT_OBJC_ISA_USAGE = YES_ERROR;
				CLANG_WARN_DOCUMENTATION_COMMENTS = YES;
				CLANG_WARN_EMPTY_BODY = YES;
				CLANG_WARN_ENUM_CONVERSION = YES;
				CLANG_WARN_INFINITE_RECURSION = YES;
				CLANG_WARN_INT_CONVERSION = YES;
				CLANG_WARN_NON_LITERAL_NULL_CONVERSION = YES;
				CLANG_WARN_OBJC_IMPLICIT_RETAIN_SELF = YES;
				CLANG_WARN_OBJC_LITERAL_CONVERSION = YES;
				CLANG_WARN_OBJC_ROOT_CLASS = YES_ERROR;
				CLANG_WARN_QUOTED_INCLUDE_IN_FRAMEWORK_HEADER = YES;
				CLANG_WARN_RANGE_LOOP_ANALYSIS = YES;
				CLANG_WARN_STRICT_PROTOTYPES = YES;
				CLANG_WARN_SUSPICIOUS_MOVE = YES;
				CLANG_WARN_UNGUARDED_AVAILABILITY = YES_AGGRESSIVE;
				CLANG_WARN_UNREACHABLE_CODE = YES;
				CLANG_WARN__DUPLICATE_METHOD_MATCH = YES;
				COPY_PHASE_STRIP = NO;
				DEBUG_INFORMATION_FORMAT = "dwarf-with-dsym";
				ENABLE_NS_ASSERTIONS = NO;
				ENABLE_STRICT_OBJC_MSGSEND = YES;
				GCC_C_LANGUAGE_STANDARD = gnu11;
				GCC_NO_COMMON_BLOCKS = YES;
				GCC_WARN_64_TO_32_BIT_CONVERSION = YES;
				GCC_WARN_ABOUT_RETURN_TYPE = YES_ERROR;
				GCC_WARN_UNDECLARED_SELECTOR = YES;
				GCC_WARN_UNINITIALIZED_AUTOS = YES_AGGRESSIVE;
				GCC_WARN_UNUSED_FUNCTION = YES;
				GCC_WARN_UNUSED_VARIABLE = YES;
				IPHONEOS_DEPLOYMENT_TARGET = 14.2;
				MTL_ENABLE_DEBUG_INFO = NO;
				MTL_FAST_MATH = YES;
				SDKROOT = iphoneos;
				SWIFT_COMPILATION_MODE = wholemodule;
				SWIFT_OPTIMIZATION_LEVEL = "-O";
				VALIDATE_PRODUCT = YES;
			};
			name = Release;
		};
		EAC19074257641180030B331 /* Debug */ = {
			isa = XCBuildConfiguration;
			buildSettings = {
				ASSETCATALOG_COMPILER_APPICON_NAME = AppIcon;
				ASSETCATALOG_COMPILER_GLOBAL_ACCENT_COLOR_NAME = AccentColor;
				CODE_SIGN_STYLE = Automatic;
				DEVELOPMENT_TEAM = 9T25ACNCQ7;
				INFOPLIST_FILE = "Bulls'N'Bears/Info.plist";
				LD_RUNPATH_SEARCH_PATHS = (
					"$(inherited)",
					"@executable_path/Frameworks",
				);
				PRODUCT_BUNDLE_IDENTIFIER = "co.uk.apptoolfactory.Bulls-N-Bears";
				PRODUCT_NAME = "$(TARGET_NAME)";
				SWIFT_VERSION = 5.0;
				TARGETED_DEVICE_FAMILY = 2;
			};
			name = Debug;
		};
		EAC19075257641180030B331 /* Release */ = {
			isa = XCBuildConfiguration;
			buildSettings = {
				ASSETCATALOG_COMPILER_APPICON_NAME = AppIcon;
				ASSETCATALOG_COMPILER_GLOBAL_ACCENT_COLOR_NAME = AccentColor;
				CODE_SIGN_STYLE = Automatic;
				DEVELOPMENT_TEAM = 9T25ACNCQ7;
				INFOPLIST_FILE = "Bulls'N'Bears/Info.plist";
				LD_RUNPATH_SEARCH_PATHS = (
					"$(inherited)",
					"@executable_path/Frameworks",
				);
				PRODUCT_BUNDLE_IDENTIFIER = "co.uk.apptoolfactory.Bulls-N-Bears";
				PRODUCT_NAME = "$(TARGET_NAME)";
				SWIFT_VERSION = 5.0;
				TARGETED_DEVICE_FAMILY = 2;
			};
			name = Release;
		};
		EAC19077257641180030B331 /* Debug */ = {
			isa = XCBuildConfiguration;
			buildSettings = {
				ALWAYS_EMBED_SWIFT_STANDARD_LIBRARIES = YES;
				BUNDLE_LOADER = "$(TEST_HOST)";
				CODE_SIGN_STYLE = Automatic;
				DEVELOPMENT_TEAM = 9T25ACNCQ7;
				INFOPLIST_FILE = TrendMyStocksTests/Info.plist;
				IPHONEOS_DEPLOYMENT_TARGET = 14.2;
				LD_RUNPATH_SEARCH_PATHS = (
					"$(inherited)",
					"@executable_path/Frameworks",
					"@loader_path/Frameworks",
				);
				PRODUCT_BUNDLE_IDENTIFIER = co.uk.apptoolfactory.TrendMyStocksTests;
				PRODUCT_NAME = "$(TARGET_NAME)";
				SWIFT_VERSION = 5.0;
				TARGETED_DEVICE_FAMILY = "1,2";
				TEST_HOST = "$(BUILT_PRODUCTS_DIR)/Bulls'N'Bears.app/Bulls'N'Bears";
			};
			name = Debug;
		};
		EAC19078257641180030B331 /* Release */ = {
			isa = XCBuildConfiguration;
			buildSettings = {
				ALWAYS_EMBED_SWIFT_STANDARD_LIBRARIES = YES;
				BUNDLE_LOADER = "$(TEST_HOST)";
				CODE_SIGN_STYLE = Automatic;
				DEVELOPMENT_TEAM = 9T25ACNCQ7;
				INFOPLIST_FILE = TrendMyStocksTests/Info.plist;
				IPHONEOS_DEPLOYMENT_TARGET = 14.2;
				LD_RUNPATH_SEARCH_PATHS = (
					"$(inherited)",
					"@executable_path/Frameworks",
					"@loader_path/Frameworks",
				);
				PRODUCT_BUNDLE_IDENTIFIER = co.uk.apptoolfactory.TrendMyStocksTests;
				PRODUCT_NAME = "$(TARGET_NAME)";
				SWIFT_VERSION = 5.0;
				TARGETED_DEVICE_FAMILY = "1,2";
				TEST_HOST = "$(BUILT_PRODUCTS_DIR)/Bulls'N'Bears.app/Bulls'N'Bears";
			};
			name = Release;
		};
		EAC1907A257641180030B331 /* Debug */ = {
			isa = XCBuildConfiguration;
			buildSettings = {
				ALWAYS_EMBED_SWIFT_STANDARD_LIBRARIES = YES;
				CODE_SIGN_STYLE = Automatic;
				DEVELOPMENT_TEAM = 9T25ACNCQ7;
				INFOPLIST_FILE = TrendMyStocksUITests/Info.plist;
				LD_RUNPATH_SEARCH_PATHS = (
					"$(inherited)",
					"@executable_path/Frameworks",
					"@loader_path/Frameworks",
				);
				PRODUCT_BUNDLE_IDENTIFIER = co.uk.apptoolfactory.TrendMyStocksUITests;
				PRODUCT_NAME = "$(TARGET_NAME)";
				SWIFT_VERSION = 5.0;
				TARGETED_DEVICE_FAMILY = "1,2";
				TEST_TARGET_NAME = TrendMyStocks;
			};
			name = Debug;
		};
		EAC1907B257641180030B331 /* Release */ = {
			isa = XCBuildConfiguration;
			buildSettings = {
				ALWAYS_EMBED_SWIFT_STANDARD_LIBRARIES = YES;
				CODE_SIGN_STYLE = Automatic;
				DEVELOPMENT_TEAM = 9T25ACNCQ7;
				INFOPLIST_FILE = TrendMyStocksUITests/Info.plist;
				LD_RUNPATH_SEARCH_PATHS = (
					"$(inherited)",
					"@executable_path/Frameworks",
					"@loader_path/Frameworks",
				);
				PRODUCT_BUNDLE_IDENTIFIER = co.uk.apptoolfactory.TrendMyStocksUITests;
				PRODUCT_NAME = "$(TARGET_NAME)";
				SWIFT_VERSION = 5.0;
				TARGETED_DEVICE_FAMILY = "1,2";
				TEST_TARGET_NAME = TrendMyStocks;
			};
			name = Release;
		};
/* End XCBuildConfiguration section */

/* Begin XCConfigurationList section */
		EAC19041257641160030B331 /* Build configuration list for PBXProject "Bulls'N'Bears" */ = {
			isa = XCConfigurationList;
			buildConfigurations = (
				EAC19071257641180030B331 /* Debug */,
				EAC19072257641180030B331 /* Release */,
			);
			defaultConfigurationIsVisible = 0;
			defaultConfigurationName = Release;
		};
		EAC19073257641180030B331 /* Build configuration list for PBXNativeTarget "Bulls'N'Bears" */ = {
			isa = XCConfigurationList;
			buildConfigurations = (
				EAC19074257641180030B331 /* Debug */,
				EAC19075257641180030B331 /* Release */,
			);
			defaultConfigurationIsVisible = 0;
			defaultConfigurationName = Release;
		};
		EAC19076257641180030B331 /* Build configuration list for PBXNativeTarget "Bulls'N'BearsTests" */ = {
			isa = XCConfigurationList;
			buildConfigurations = (
				EAC19077257641180030B331 /* Debug */,
				EAC19078257641180030B331 /* Release */,
			);
			defaultConfigurationIsVisible = 0;
			defaultConfigurationName = Release;
		};
		EAC19079257641180030B331 /* Build configuration list for PBXNativeTarget "Bulls'N'BearsUITests" */ = {
			isa = XCConfigurationList;
			buildConfigurations = (
				EAC1907A257641180030B331 /* Debug */,
				EAC1907B257641180030B331 /* Release */,
			);
			defaultConfigurationIsVisible = 0;
			defaultConfigurationName = Release;
		};
/* End XCConfigurationList section */

/* Begin XCVersionGroup section */
		EAC19052257641160030B331 /* TrendMyStocks.xcdatamodeld */ = {
			isa = XCVersionGroup;
			children = (
				EAC19053257641160030B331 /* TrendMyStocks.xcdatamodel */,
			);
			currentVersion = EAC19053257641160030B331 /* TrendMyStocks.xcdatamodel */;
			path = TrendMyStocks.xcdatamodeld;
			sourceTree = "<group>";
			versionGroupType = wrapper.xcdatamodel;
		};
/* End XCVersionGroup section */
	};
	rootObject = EAC1903E257641160030B331 /* Project object */;
}
