// !$*UTF8*$!
{
	archiveVersion = 1;
	classes = {
	};
	objectVersion = 50;
	objects = {

/* Begin PBXBuildFile section */
		EA06251325D079310015FA6E /* DownloadProgressView.xib in Resources */ = {isa = PBXBuildFile; fileRef = EA06251225D079310015FA6E /* DownloadProgressView.xib */; };
		EA06251425D079310015FA6E /* DownloadProgressView.xib in Resources */ = {isa = PBXBuildFile; fileRef = EA06251225D079310015FA6E /* DownloadProgressView.xib */; };
		EA06251525D079310015FA6E /* DownloadProgressView.xib in Resources */ = {isa = PBXBuildFile; fileRef = EA06251225D079310015FA6E /* DownloadProgressView.xib */; };
		EA06251A25D07A230015FA6E /* DownloadProgressView.swift in Sources */ = {isa = PBXBuildFile; fileRef = EA06251925D07A230015FA6E /* DownloadProgressView.swift */; };
		EA06251B25D07A230015FA6E /* DownloadProgressView.swift in Sources */ = {isa = PBXBuildFile; fileRef = EA06251925D07A230015FA6E /* DownloadProgressView.swift */; };
		EA06251C25D07A230015FA6E /* DownloadProgressView.swift in Sources */ = {isa = PBXBuildFile; fileRef = EA06251925D07A230015FA6E /* DownloadProgressView.swift */; };
		EA163F77258BA85E000974AB /* StockTrend.swift in Sources */ = {isa = PBXBuildFile; fileRef = EA163F76258BA85E000974AB /* StockTrend.swift */; };
		EA163F78258BA85E000974AB /* StockTrend.swift in Sources */ = {isa = PBXBuildFile; fileRef = EA163F76258BA85E000974AB /* StockTrend.swift */; };
		EA163F79258BA85E000974AB /* StockTrend.swift in Sources */ = {isa = PBXBuildFile; fileRef = EA163F76258BA85E000974AB /* StockTrend.swift */; };
		EA1F86D725DC247C006791BD /* WBValuationController.swift in Sources */ = {isa = PBXBuildFile; fileRef = EA1F86D625DC247C006791BD /* WBValuationController.swift */; };
		EA225B1D25F3DE9700871D7D /* ScoreCircle.swift in Sources */ = {isa = PBXBuildFile; fileRef = EA225B1C25F3DE9700871D7D /* ScoreCircle.swift */; };
		EA2DB58425ACF448007AFB1F /* ErrorLogListCell.swift in Sources */ = {isa = PBXBuildFile; fileRef = EA2DB58325ACF448007AFB1F /* ErrorLogListCell.swift */; };
		EA3207F125EEA13200A6A6AB /* ValueListRatingCell.swift in Sources */ = {isa = PBXBuildFile; fileRef = EA3207EF25EEA13200A6A6AB /* ValueListRatingCell.swift */; };
		EA3207F225EEA13200A6A6AB /* ValueListRatingCell.xib in Resources */ = {isa = PBXBuildFile; fileRef = EA3207F025EEA13200A6A6AB /* ValueListRatingCell.xib */; };
		EA3207F825EEA15900A6A6AB /* ValueListTextEntryCell.swift in Sources */ = {isa = PBXBuildFile; fileRef = EA3207F625EEA15900A6A6AB /* ValueListTextEntryCell.swift */; };
		EA3207F925EEA15900A6A6AB /* ValueListTextEntryCell.xib in Resources */ = {isa = PBXBuildFile; fileRef = EA3207F725EEA15900A6A6AB /* ValueListTextEntryCell.xib */; };
		EA32080A25EED93A00A6A6AB /* UserEvaluation+CoreDataClass.swift in Sources */ = {isa = PBXBuildFile; fileRef = EA32080725EED93A00A6A6AB /* UserEvaluation+CoreDataClass.swift */; };
		EA32080B25EED93A00A6A6AB /* UserEvaluation+CoreDataProperties.swift in Sources */ = {isa = PBXBuildFile; fileRef = EA32080825EED93A00A6A6AB /* UserEvaluation+CoreDataProperties.swift */; };
		EA32081B25EF9A1400A6A6AB /* WBVRatingButton.swift in Sources */ = {isa = PBXBuildFile; fileRef = EA32081A25EF9A1400A6A6AB /* WBVRatingButton.swift */; };
		EA32082825EFDF1F00A6A6AB /* WBValuation+CoreDataClass.swift in Sources */ = {isa = PBXBuildFile; fileRef = EA32082625EFDF1F00A6A6AB /* WBValuation+CoreDataClass.swift */; };
		EA32082925EFDF1F00A6A6AB /* WBValuation+CoreDataProperties.swift in Sources */ = {isa = PBXBuildFile; fileRef = EA32082725EFDF1F00A6A6AB /* WBValuation+CoreDataProperties.swift */; };
		EA39A44725C5BF5300DE0FF9 /* R1WebDataAnalyser.swift in Sources */ = {isa = PBXBuildFile; fileRef = EA39A44625C5BF5300DE0FF9 /* R1WebDataAnalyser.swift */; };
		EA3DF0C4260A1184001A0098 /* LineCrossingSignal.swift in Sources */ = {isa = PBXBuildFile; fileRef = EA3DF0C3260A1184001A0098 /* LineCrossingSignal.swift */; };
		EA3DF0C9260B8C5A001A0098 /* BuySellView.swift in Sources */ = {isa = PBXBuildFile; fileRef = EA3DF0C8260B8C5A001A0098 /* BuySellView.swift */; };
		EA4B5F0625DD53900070CC70 /* WebDataDownloader.swift in Sources */ = {isa = PBXBuildFile; fileRef = EA4B5F0525DD53900070CC70 /* WebDataDownloader.swift */; };
		EA4B5F1725E2B6D40070CC70 /* ValueChart.swift in Sources */ = {isa = PBXBuildFile; fileRef = EA4B5F1625E2B6D40070CC70 /* ValueChart.swift */; };
		EA50DEF225D427B10005B23A /* StocksController.swift in Sources */ = {isa = PBXBuildFile; fileRef = EA50DEF125D427B10005B23A /* StocksController.swift */; };
		EA52EDC825D18D760000155F /* WebpageScraper.swift in Sources */ = {isa = PBXBuildFile; fileRef = EA52EDC725D18D760000155F /* WebpageScraper.swift */; };
		EA5FDBE325B1EE34008918C8 /* AlertController.swift in Sources */ = {isa = PBXBuildFile; fileRef = EA5FDBE225B1EE34008918C8 /* AlertController.swift */; };
		EA6AACD826050457002DE9DF /* MAC_D.swift in Sources */ = {isa = PBXBuildFile; fileRef = EA6AACD726050457002DE9DF /* MAC_D.swift */; };
		EA6AACD926050457002DE9DF /* MAC_D.swift in Sources */ = {isa = PBXBuildFile; fileRef = EA6AACD726050457002DE9DF /* MAC_D.swift */; };
		EA6AACDA26050457002DE9DF /* MAC_D.swift in Sources */ = {isa = PBXBuildFile; fileRef = EA6AACD726050457002DE9DF /* MAC_D.swift */; };
		EA6AACDF26053294002DE9DF /* MACD_View.swift in Sources */ = {isa = PBXBuildFile; fileRef = EA6AACDE26053294002DE9DF /* MACD_View.swift */; };
		EA6AACE026053294002DE9DF /* MACD_View.swift in Sources */ = {isa = PBXBuildFile; fileRef = EA6AACDE26053294002DE9DF /* MACD_View.swift */; };
		EA6AACE126053294002DE9DF /* MACD_View.swift in Sources */ = {isa = PBXBuildFile; fileRef = EA6AACDE26053294002DE9DF /* MACD_View.swift */; };
		EA6EEF9226165665000FA141 /* ResearchController.swift in Sources */ = {isa = PBXBuildFile; fileRef = EA6EEF9126165665000FA141 /* ResearchController.swift */; };
		EA736CCD25D7C8FF007FC981 /* ValuationDataCleaner.swift in Sources */ = {isa = PBXBuildFile; fileRef = EA736CCC25D7C8FF007FC981 /* ValuationDataCleaner.swift */; };
		EA736CDE25D7E72C007FC981 /* ValuationErrorsTVC.swift in Sources */ = {isa = PBXBuildFile; fileRef = EA736CDD25D7E72C007FC981 /* ValuationErrorsTVC.swift */; };
		EA79790225E6F24200663644 /* GradientColorFinder.swift in Sources */ = {isa = PBXBuildFile; fileRef = EA79790125E6F24200663644 /* GradientColorFinder.swift */; };
		EA7B613925C412860018BA02 /* StockTickerDictionary.csv in Resources */ = {isa = PBXBuildFile; fileRef = EA7B613825C412860018BA02 /* StockTickerDictionary.csv */; };
		EA7B613A25C412860018BA02 /* StockTickerDictionary.csv in Resources */ = {isa = PBXBuildFile; fileRef = EA7B613825C412860018BA02 /* StockTickerDictionary.csv */; };
		EA7B613B25C412860018BA02 /* StockTickerDictionary.csv in Resources */ = {isa = PBXBuildFile; fileRef = EA7B613825C412860018BA02 /* StockTickerDictionary.csv */; };
		EA805DC525D54D4E00720E68 /* StockSearchTVC.swift in Sources */ = {isa = PBXBuildFile; fileRef = EA805DC425D54D4E00720E68 /* StockSearchTVC.swift */; };
		EAA099C42588020B00DBB93C /* CheckButton.swift in Sources */ = {isa = PBXBuildFile; fileRef = EAA099C32588020B00DBB93C /* CheckButton.swift */; };
		EAA69F73260E52550067EE1A /* GrowthCategory.swift in Sources */ = {isa = PBXBuildFile; fileRef = EAA69F72260E52550067EE1A /* GrowthCategory.swift */; };
		EAA69F74260E52550067EE1A /* GrowthCategory.swift in Sources */ = {isa = PBXBuildFile; fileRef = EAA69F72260E52550067EE1A /* GrowthCategory.swift */; };
		EAA69F75260E52550067EE1A /* GrowthCategory.swift in Sources */ = {isa = PBXBuildFile; fileRef = EAA69F72260E52550067EE1A /* GrowthCategory.swift */; };
		EAA69F7E26121A940067EE1A /* CompanyNews+CoreDataClass.swift in Sources */ = {isa = PBXBuildFile; fileRef = EAA69F7C26121A940067EE1A /* CompanyNews+CoreDataClass.swift */; };
		EAA69F7F26121A940067EE1A /* CompanyNews+CoreDataClass.swift in Sources */ = {isa = PBXBuildFile; fileRef = EAA69F7C26121A940067EE1A /* CompanyNews+CoreDataClass.swift */; };
		EAA69F8026121A940067EE1A /* CompanyNews+CoreDataClass.swift in Sources */ = {isa = PBXBuildFile; fileRef = EAA69F7C26121A940067EE1A /* CompanyNews+CoreDataClass.swift */; };
		EAA69F8126121A940067EE1A /* CompanyNews+CoreDataProperties.swift in Sources */ = {isa = PBXBuildFile; fileRef = EAA69F7D26121A940067EE1A /* CompanyNews+CoreDataProperties.swift */; };
		EAA69F8226121A940067EE1A /* CompanyNews+CoreDataProperties.swift in Sources */ = {isa = PBXBuildFile; fileRef = EAA69F7D26121A940067EE1A /* CompanyNews+CoreDataProperties.swift */; };
		EAA69F8326121A940067EE1A /* CompanyNews+CoreDataProperties.swift in Sources */ = {isa = PBXBuildFile; fileRef = EAA69F7D26121A940067EE1A /* CompanyNews+CoreDataProperties.swift */; };
		EAA69F9226121CA30067EE1A /* StockResearch+CoreDataClass.swift in Sources */ = {isa = PBXBuildFile; fileRef = EAA69F9026121CA30067EE1A /* StockResearch+CoreDataClass.swift */; };
		EAA69F9326121CA30067EE1A /* StockResearch+CoreDataClass.swift in Sources */ = {isa = PBXBuildFile; fileRef = EAA69F9026121CA30067EE1A /* StockResearch+CoreDataClass.swift */; };
		EAA69F9426121CA30067EE1A /* StockResearch+CoreDataClass.swift in Sources */ = {isa = PBXBuildFile; fileRef = EAA69F9026121CA30067EE1A /* StockResearch+CoreDataClass.swift */; };
		EAA69F9526121CA30067EE1A /* StockResearch+CoreDataProperties.swift in Sources */ = {isa = PBXBuildFile; fileRef = EAA69F9126121CA30067EE1A /* StockResearch+CoreDataProperties.swift */; };
		EAA69F9626121CA30067EE1A /* StockResearch+CoreDataProperties.swift in Sources */ = {isa = PBXBuildFile; fileRef = EAA69F9126121CA30067EE1A /* StockResearch+CoreDataProperties.swift */; };
		EAA69F9726121CA30067EE1A /* StockResearch+CoreDataProperties.swift in Sources */ = {isa = PBXBuildFile; fileRef = EAA69F9126121CA30067EE1A /* StockResearch+CoreDataProperties.swift */; };
		EAA69FB22612221B0067EE1A /* ResearchTVC.swift in Sources */ = {isa = PBXBuildFile; fileRef = EAA69FB02612221B0067EE1A /* ResearchTVC.swift */; };
		EAA69FB32612221B0067EE1A /* ResearchTVC.swift in Sources */ = {isa = PBXBuildFile; fileRef = EAA69FB02612221B0067EE1A /* ResearchTVC.swift */; };
		EAA69FB42612221B0067EE1A /* ResearchTVC.swift in Sources */ = {isa = PBXBuildFile; fileRef = EAA69FB02612221B0067EE1A /* ResearchTVC.swift */; };
		EAA69FBD261222AF0067EE1A /* ResearchCell.swift in Sources */ = {isa = PBXBuildFile; fileRef = EAA69FBB261222AF0067EE1A /* ResearchCell.swift */; };
		EAA69FBE261222AF0067EE1A /* ResearchCell.swift in Sources */ = {isa = PBXBuildFile; fileRef = EAA69FBB261222AF0067EE1A /* ResearchCell.swift */; };
		EAA69FBF261222AF0067EE1A /* ResearchCell.swift in Sources */ = {isa = PBXBuildFile; fileRef = EAA69FBB261222AF0067EE1A /* ResearchCell.swift */; };
		EAA69FC0261222AF0067EE1A /* ResearchCell.xib in Resources */ = {isa = PBXBuildFile; fileRef = EAA69FBC261222AF0067EE1A /* ResearchCell.xib */; };
		EAA69FC1261222AF0067EE1A /* ResearchCell.xib in Resources */ = {isa = PBXBuildFile; fileRef = EAA69FBC261222AF0067EE1A /* ResearchCell.xib */; };
		EAA69FC2261222AF0067EE1A /* ResearchCell.xib in Resources */ = {isa = PBXBuildFile; fileRef = EAA69FBC261222AF0067EE1A /* ResearchCell.xib */; };
		EAAA06B025AA01A00077A972 /* ErrorController.swift in Sources */ = {isa = PBXBuildFile; fileRef = EAAA06AF25AA01A00077A972 /* ErrorController.swift */; };
		EAAA06B125AA01A00077A972 /* ErrorController.swift in Sources */ = {isa = PBXBuildFile; fileRef = EAAA06AF25AA01A00077A972 /* ErrorController.swift */; };
		EAAA06B225AA01A00077A972 /* ErrorController.swift in Sources */ = {isa = PBXBuildFile; fileRef = EAAA06AF25AA01A00077A972 /* ErrorController.swift */; };
		EAC07B6F25B8950E00B6C898 /* DCFWebDataAnalyser.swift in Sources */ = {isa = PBXBuildFile; fileRef = EAC07B6E25B8950E00B6C898 /* DCFWebDataAnalyser.swift */; };
		EAC07D6625ACEE350045D83B /* ErrorListVC.swift in Sources */ = {isa = PBXBuildFile; fileRef = EAC07D6525ACEE350045D83B /* ErrorListVC.swift */; };
		EAC0F15B25FA819E00AD9E29 /* Share+CoreDataClass.swift in Sources */ = {isa = PBXBuildFile; fileRef = EAC0F15925FA819E00AD9E29 /* Share+CoreDataClass.swift */; };
		EAC0F15C25FA819E00AD9E29 /* Share+CoreDataClass.swift in Sources */ = {isa = PBXBuildFile; fileRef = EAC0F15925FA819E00AD9E29 /* Share+CoreDataClass.swift */; };
		EAC0F15D25FA819E00AD9E29 /* Share+CoreDataClass.swift in Sources */ = {isa = PBXBuildFile; fileRef = EAC0F15925FA819E00AD9E29 /* Share+CoreDataClass.swift */; };
		EAC0F15E25FA819E00AD9E29 /* Share+CoreDataProperties.swift in Sources */ = {isa = PBXBuildFile; fileRef = EAC0F15A25FA819E00AD9E29 /* Share+CoreDataProperties.swift */; };
		EAC0F15F25FA819E00AD9E29 /* Share+CoreDataProperties.swift in Sources */ = {isa = PBXBuildFile; fileRef = EAC0F15A25FA819E00AD9E29 /* Share+CoreDataProperties.swift */; };
		EAC0F16025FA819E00AD9E29 /* Share+CoreDataProperties.swift in Sources */ = {isa = PBXBuildFile; fileRef = EAC0F15A25FA819E00AD9E29 /* Share+CoreDataProperties.swift */; };
		EAC1904A257641160030B331 /* AppDelegate.swift in Sources */ = {isa = PBXBuildFile; fileRef = EAC19049257641160030B331 /* AppDelegate.swift */; };
		EAC1904C257641160030B331 /* SceneDelegate.swift in Sources */ = {isa = PBXBuildFile; fileRef = EAC1904B257641160030B331 /* SceneDelegate.swift */; };
		EAC19051257641160030B331 /* Main.storyboard in Resources */ = {isa = PBXBuildFile; fileRef = EAC1904F257641160030B331 /* Main.storyboard */; };
		EAC19054257641160030B331 /* TrendMyStocks.xcdatamodeld in Sources */ = {isa = PBXBuildFile; fileRef = EAC19052257641160030B331 /* TrendMyStocks.xcdatamodeld */; };
		EAC19056257641180030B331 /* Assets.xcassets in Resources */ = {isa = PBXBuildFile; fileRef = EAC19055257641180030B331 /* Assets.xcassets */; };
		EAC19059257641180030B331 /* LaunchScreen.storyboard in Resources */ = {isa = PBXBuildFile; fileRef = EAC19057257641180030B331 /* LaunchScreen.storyboard */; };
		EAC1908F257642F20030B331 /* CSVImporter.swift in Sources */ = {isa = PBXBuildFile; fileRef = EAC1908E257642F20030B331 /* CSVImporter.swift */; };
		EAC19090257642F20030B331 /* CSVImporter.swift in Sources */ = {isa = PBXBuildFile; fileRef = EAC1908E257642F20030B331 /* CSVImporter.swift */; };
		EAC19091257642F20030B331 /* CSVImporter.swift in Sources */ = {isa = PBXBuildFile; fileRef = EAC1908E257642F20030B331 /* CSVImporter.swift */; };
		EAC190B3257661F60030B331 /* MasterSplitView.swift in Sources */ = {isa = PBXBuildFile; fileRef = EAC190B2257661F60030B331 /* MasterSplitView.swift */; };
		EAC190B4257661F60030B331 /* MasterSplitView.swift in Sources */ = {isa = PBXBuildFile; fileRef = EAC190B2257661F60030B331 /* MasterSplitView.swift */; };
		EAC190B5257661F60030B331 /* MasterSplitView.swift in Sources */ = {isa = PBXBuildFile; fileRef = EAC190B2257661F60030B331 /* MasterSplitView.swift */; };
		EAC190BA257662930030B331 /* StocksListViewController.swift in Sources */ = {isa = PBXBuildFile; fileRef = EAC190B9257662930030B331 /* StocksListViewController.swift */; };
		EAC190BB257662930030B331 /* StocksListViewController.swift in Sources */ = {isa = PBXBuildFile; fileRef = EAC190B9257662930030B331 /* StocksListViewController.swift */; };
		EAC190BC257662930030B331 /* StocksListViewController.swift in Sources */ = {isa = PBXBuildFile; fileRef = EAC190B9257662930030B331 /* StocksListViewController.swift */; };
		EAC190C1257663200030B331 /* PublicVars.swift in Sources */ = {isa = PBXBuildFile; fileRef = EAC190C0257663200030B331 /* PublicVars.swift */; };
		EAC190C2257663200030B331 /* PublicVars.swift in Sources */ = {isa = PBXBuildFile; fileRef = EAC190C0257663200030B331 /* PublicVars.swift */; };
		EAC190C3257663200030B331 /* PublicVars.swift in Sources */ = {isa = PBXBuildFile; fileRef = EAC190C0257663200030B331 /* PublicVars.swift */; };
		EAC190CB257663730030B331 /* Stock.swift in Sources */ = {isa = PBXBuildFile; fileRef = EAC190CA257663730030B331 /* Stock.swift */; };
		EAC190CC257663730030B331 /* Stock.swift in Sources */ = {isa = PBXBuildFile; fileRef = EAC190CA257663730030B331 /* Stock.swift */; };
		EAC190CD257663730030B331 /* Stock.swift in Sources */ = {isa = PBXBuildFile; fileRef = EAC190CA257663730030B331 /* Stock.swift */; };
		EAC190D52576731B0030B331 /* StockChartVC.swift in Sources */ = {isa = PBXBuildFile; fileRef = EAC190D42576731B0030B331 /* StockChartVC.swift */; };
		EAC190D62576731B0030B331 /* StockChartVC.swift in Sources */ = {isa = PBXBuildFile; fileRef = EAC190D42576731B0030B331 /* StockChartVC.swift */; };
		EAC190D72576731B0030B331 /* StockChartVC.swift in Sources */ = {isa = PBXBuildFile; fileRef = EAC190D42576731B0030B331 /* StockChartVC.swift */; };
		EAC190EA2577E2E20030B331 /* ChartContainerView.swift in Sources */ = {isa = PBXBuildFile; fileRef = EAC190E92577E2E20030B331 /* ChartContainerView.swift */; };
		EAC190EB2577E2E20030B331 /* ChartContainerView.swift in Sources */ = {isa = PBXBuildFile; fileRef = EAC190E92577E2E20030B331 /* ChartContainerView.swift */; };
		EAC190EC2577E2E20030B331 /* ChartContainerView.swift in Sources */ = {isa = PBXBuildFile; fileRef = EAC190E92577E2E20030B331 /* ChartContainerView.swift */; };
		EAC190F42577E3B60030B331 /* ChartView.swift in Sources */ = {isa = PBXBuildFile; fileRef = EAC190F32577E3B60030B331 /* ChartView.swift */; };
		EAC190F52577E3B60030B331 /* ChartView.swift in Sources */ = {isa = PBXBuildFile; fileRef = EAC190F32577E3B60030B331 /* ChartView.swift */; };
		EAC190F62577E3B60030B331 /* ChartView.swift in Sources */ = {isa = PBXBuildFile; fileRef = EAC190F32577E3B60030B331 /* ChartView.swift */; };
		EAC2FC3C25A0B76B0060F387 /* DCFValuation+CoreDataClass.swift in Sources */ = {isa = PBXBuildFile; fileRef = EAC2FC3825A0B76B0060F387 /* DCFValuation+CoreDataClass.swift */; };
		EAC2FC3D25A0B76B0060F387 /* DCFValuation+CoreDataClass.swift in Sources */ = {isa = PBXBuildFile; fileRef = EAC2FC3825A0B76B0060F387 /* DCFValuation+CoreDataClass.swift */; };
		EAC2FC3E25A0B76B0060F387 /* DCFValuation+CoreDataClass.swift in Sources */ = {isa = PBXBuildFile; fileRef = EAC2FC3825A0B76B0060F387 /* DCFValuation+CoreDataClass.swift */; };
		EAC2FC3F25A0B76B0060F387 /* DCFValuation+CoreDataProperties.swift in Sources */ = {isa = PBXBuildFile; fileRef = EAC2FC3925A0B76B0060F387 /* DCFValuation+CoreDataProperties.swift */; };
		EAC2FC4025A0B76B0060F387 /* DCFValuation+CoreDataProperties.swift in Sources */ = {isa = PBXBuildFile; fileRef = EAC2FC3925A0B76B0060F387 /* DCFValuation+CoreDataProperties.swift */; };
		EAC2FC4125A0B76B0060F387 /* DCFValuation+CoreDataProperties.swift in Sources */ = {isa = PBXBuildFile; fileRef = EAC2FC3925A0B76B0060F387 /* DCFValuation+CoreDataProperties.swift */; };
		EAC2FC4225A0B76B0060F387 /* Rule1Valuation+CoreDataClass.swift in Sources */ = {isa = PBXBuildFile; fileRef = EAC2FC3A25A0B76B0060F387 /* Rule1Valuation+CoreDataClass.swift */; };
		EAC2FC4325A0B76B0060F387 /* Rule1Valuation+CoreDataClass.swift in Sources */ = {isa = PBXBuildFile; fileRef = EAC2FC3A25A0B76B0060F387 /* Rule1Valuation+CoreDataClass.swift */; };
		EAC2FC4425A0B76B0060F387 /* Rule1Valuation+CoreDataClass.swift in Sources */ = {isa = PBXBuildFile; fileRef = EAC2FC3A25A0B76B0060F387 /* Rule1Valuation+CoreDataClass.swift */; };
		EAC2FC4525A0B76B0060F387 /* Rule1Valuation+CoreDataProperties.swift in Sources */ = {isa = PBXBuildFile; fileRef = EAC2FC3B25A0B76B0060F387 /* Rule1Valuation+CoreDataProperties.swift */; };
		EAC2FC4625A0B76B0060F387 /* Rule1Valuation+CoreDataProperties.swift in Sources */ = {isa = PBXBuildFile; fileRef = EAC2FC3B25A0B76B0060F387 /* Rule1Valuation+CoreDataProperties.swift */; };
		EAC2FC4725A0B76B0060F387 /* Rule1Valuation+CoreDataProperties.swift in Sources */ = {isa = PBXBuildFile; fileRef = EAC2FC3B25A0B76B0060F387 /* Rule1Valuation+CoreDataProperties.swift */; };
		EAC2FC5025A0B93D0060F387 /* StockListCellTableViewCell.swift in Sources */ = {isa = PBXBuildFile; fileRef = EAC2FC4E25A0B93D0060F387 /* StockListCellTableViewCell.swift */; };
		EAC2FC5125A0B93D0060F387 /* StockListCellTableViewCell.swift in Sources */ = {isa = PBXBuildFile; fileRef = EAC2FC4E25A0B93D0060F387 /* StockListCellTableViewCell.swift */; };
		EAC2FC5225A0B93D0060F387 /* StockListCellTableViewCell.swift in Sources */ = {isa = PBXBuildFile; fileRef = EAC2FC4E25A0B93D0060F387 /* StockListCellTableViewCell.swift */; };
		EAC2FC5325A0B93D0060F387 /* StockListCellTableViewCell.xib in Resources */ = {isa = PBXBuildFile; fileRef = EAC2FC4F25A0B93D0060F387 /* StockListCellTableViewCell.xib */; };
		EAC2FC5425A0B93D0060F387 /* StockListCellTableViewCell.xib in Resources */ = {isa = PBXBuildFile; fileRef = EAC2FC4F25A0B93D0060F387 /* StockListCellTableViewCell.xib */; };
		EAC2FC5525A0B93D0060F387 /* StockListCellTableViewCell.xib in Resources */ = {isa = PBXBuildFile; fileRef = EAC2FC4F25A0B93D0060F387 /* StockListCellTableViewCell.xib */; };
		EAC2FC6325A232780060F387 /* ValuationChooser.swift in Sources */ = {isa = PBXBuildFile; fileRef = EAC2FC6225A232780060F387 /* ValuationChooser.swift */; };
		EAC2FC6425A232780060F387 /* ValuationChooser.swift in Sources */ = {isa = PBXBuildFile; fileRef = EAC2FC6225A232780060F387 /* ValuationChooser.swift */; };
		EAC2FC6525A232780060F387 /* ValuationChooser.swift in Sources */ = {isa = PBXBuildFile; fileRef = EAC2FC6225A232780060F387 /* ValuationChooser.swift */; };
		EAC2FC7125A23FFC0060F387 /* ValuationTableViewCell.swift in Sources */ = {isa = PBXBuildFile; fileRef = EAC2FC6F25A23FFC0060F387 /* ValuationTableViewCell.swift */; };
		EAC2FC7225A23FFC0060F387 /* ValuationTableViewCell.swift in Sources */ = {isa = PBXBuildFile; fileRef = EAC2FC6F25A23FFC0060F387 /* ValuationTableViewCell.swift */; };
		EAC2FC7325A23FFC0060F387 /* ValuationTableViewCell.swift in Sources */ = {isa = PBXBuildFile; fileRef = EAC2FC6F25A23FFC0060F387 /* ValuationTableViewCell.swift */; };
		EAC2FC7425A23FFC0060F387 /* ValuationTableViewCell.xib in Resources */ = {isa = PBXBuildFile; fileRef = EAC2FC7025A23FFC0060F387 /* ValuationTableViewCell.xib */; };
		EAC2FC7525A23FFC0060F387 /* ValuationTableViewCell.xib in Resources */ = {isa = PBXBuildFile; fileRef = EAC2FC7025A23FFC0060F387 /* ValuationTableViewCell.xib */; };
		EAC2FC7625A23FFC0060F387 /* ValuationTableViewCell.xib in Resources */ = {isa = PBXBuildFile; fileRef = EAC2FC7025A23FFC0060F387 /* ValuationTableViewCell.xib */; };
		EAC2FC7B25A240290060F387 /* ValuationListViewController.swift in Sources */ = {isa = PBXBuildFile; fileRef = EAC2FC7A25A240290060F387 /* ValuationListViewController.swift */; };
		EAC2FC7C25A240290060F387 /* ValuationListViewController.swift in Sources */ = {isa = PBXBuildFile; fileRef = EAC2FC7A25A240290060F387 /* ValuationListViewController.swift */; };
		EAC2FC7D25A240290060F387 /* ValuationListViewController.swift in Sources */ = {isa = PBXBuildFile; fileRef = EAC2FC7A25A240290060F387 /* ValuationListViewController.swift */; };
		EAC9890225F146E1007AE6F6 /* TrendIconView.swift in Sources */ = {isa = PBXBuildFile; fileRef = EAC9890125F146E1007AE6F6 /* TrendIconView.swift */; };
		EACF43332582D4C800221CEB /* DocumentBrowserViewController.swift in Sources */ = {isa = PBXBuildFile; fileRef = EACF43322582D4C800221CEB /* DocumentBrowserViewController.swift */; };
		EAD835BC25DA9BA40015C93A /* WBValuationTVC.swift in Sources */ = {isa = PBXBuildFile; fileRef = EAD835BB25DA9BA40015C93A /* WBValuationTVC.swift */; };
		EAD835BD25DA9BA40015C93A /* WBValuationTVC.swift in Sources */ = {isa = PBXBuildFile; fileRef = EAD835BB25DA9BA40015C93A /* WBValuationTVC.swift */; };
		EAD835BE25DA9BA40015C93A /* WBValuationTVC.swift in Sources */ = {isa = PBXBuildFile; fileRef = EAD835BB25DA9BA40015C93A /* WBValuationTVC.swift */; };
		EAD835E025DC06EC0015C93A /* Calculator.swift in Sources */ = {isa = PBXBuildFile; fileRef = EAD835DF25DC06EC0015C93A /* Calculator.swift */; };
		EAD835E125DC06EC0015C93A /* Calculator.swift in Sources */ = {isa = PBXBuildFile; fileRef = EAD835DF25DC06EC0015C93A /* Calculator.swift */; };
		EAD835E225DC06EC0015C93A /* Calculator.swift in Sources */ = {isa = PBXBuildFile; fileRef = EAD835DF25DC06EC0015C93A /* Calculator.swift */; };
		EAD835E725DC10700015C93A /* ValueListTVC.swift in Sources */ = {isa = PBXBuildFile; fileRef = EAD835E625DC10700015C93A /* ValueListTVC.swift */; };
		EAD835E825DC10700015C93A /* ValueListTVC.swift in Sources */ = {isa = PBXBuildFile; fileRef = EAD835E625DC10700015C93A /* ValueListTVC.swift */; };
		EAD835E925DC10700015C93A /* ValueListTVC.swift in Sources */ = {isa = PBXBuildFile; fileRef = EAD835E625DC10700015C93A /* ValueListTVC.swift */; };
		EAD835EF25DC12000015C93A /* ValueListCell.swift in Sources */ = {isa = PBXBuildFile; fileRef = EAD835ED25DC12000015C93A /* ValueListCell.swift */; };
		EAD835F025DC12000015C93A /* ValueListCell.swift in Sources */ = {isa = PBXBuildFile; fileRef = EAD835ED25DC12000015C93A /* ValueListCell.swift */; };
		EAD835F125DC12000015C93A /* ValueListCell.swift in Sources */ = {isa = PBXBuildFile; fileRef = EAD835ED25DC12000015C93A /* ValueListCell.swift */; };
		EAD835F225DC12000015C93A /* ValueListCell.xib in Resources */ = {isa = PBXBuildFile; fileRef = EAD835EE25DC12000015C93A /* ValueListCell.xib */; };
		EAD835F325DC12000015C93A /* ValueListCell.xib in Resources */ = {isa = PBXBuildFile; fileRef = EAD835EE25DC12000015C93A /* ValueListCell.xib */; };
		EAD835F425DC12000015C93A /* ValueListCell.xib in Resources */ = {isa = PBXBuildFile; fileRef = EAD835EE25DC12000015C93A /* ValueListCell.xib */; };
		EAD835FB25DC16470015C93A /* WBValuationCell.swift in Sources */ = {isa = PBXBuildFile; fileRef = EAD835F925DC16470015C93A /* WBValuationCell.swift */; };
		EAD835FC25DC16470015C93A /* WBValuationCell.swift in Sources */ = {isa = PBXBuildFile; fileRef = EAD835F925DC16470015C93A /* WBValuationCell.swift */; };
		EAD835FD25DC16470015C93A /* WBValuationCell.swift in Sources */ = {isa = PBXBuildFile; fileRef = EAD835F925DC16470015C93A /* WBValuationCell.swift */; };
		EAD835FE25DC16470015C93A /* WBValuationCell.xib in Resources */ = {isa = PBXBuildFile; fileRef = EAD835FA25DC16470015C93A /* WBValuationCell.xib */; };
		EAD835FF25DC16470015C93A /* WBValuationCell.xib in Resources */ = {isa = PBXBuildFile; fileRef = EAD835FA25DC16470015C93A /* WBValuationCell.xib */; };
		EAD8360025DC16470015C93A /* WBValuationCell.xib in Resources */ = {isa = PBXBuildFile; fileRef = EAD835FA25DC16470015C93A /* WBValuationCell.xib */; };
		EAD921632607D0CA008312E0 /* StochasticOscillator.swift in Sources */ = {isa = PBXBuildFile; fileRef = EAD921622607D0CA008312E0 /* StochasticOscillator.swift */; };
		EAD921682607D980008312E0 /* StochastikOscillatorView.swift in Sources */ = {isa = PBXBuildFile; fileRef = EAD921672607D980008312E0 /* StochastikOscillatorView.swift */; };
		EAEA758C25ACF53F008EEC05 /* ErrorLogListCell.xib in Resources */ = {isa = PBXBuildFile; fileRef = EAEA758B25ACF53F008EEC05 /* ErrorLogListCell.xib */; };
		EAED149525A8D0250073C46F /* Bulls'N'BearsTests.swift in Sources */ = {isa = PBXBuildFile; fileRef = EAED149325A8D0250073C46F /* Bulls'N'BearsTests.swift */; };
		EAED14DF25A8D78C0073C46F /* Bulls'N'BearsUITests.swift in Sources */ = {isa = PBXBuildFile; fileRef = EAED14DC25A8D78C0073C46F /* Bulls'N'BearsUITests.swift */; };
		EAED14FB25A8DA090073C46F /* Bulls'N'BearsTests.xctest in Resources */ = {isa = PBXBuildFile; fileRef = EAC1905F257641180030B331 /* Bulls'N'BearsTests.xctest */; };
		EAED14FC25A8DA100073C46F /* Bulls'N'BearsUITests.xctest in Resources */ = {isa = PBXBuildFile; fileRef = EAC1906A257641180030B331 /* Bulls'N'BearsUITests.xctest */; };
		EAF5D73225AE1A8000E7A681 /* CombinedValuationController.swift in Sources */ = {isa = PBXBuildFile; fileRef = EAF5D73125AE1A8000E7A681 /* CombinedValuationController.swift */; };
		EAF5D74325B06F2E00E7A681 /* Extensions.swift in Sources */ = {isa = PBXBuildFile; fileRef = EAF5D74225B06F2E00E7A681 /* Extensions.swift */; };
		EAFCB95F25C5F0240029AA4F /* MTCookies in Resources */ = {isa = PBXBuildFile; fileRef = EAFCB95E25C5F0240029AA4F /* MTCookies */; };
		EAFCB96025C5F0240029AA4F /* MTCookies in Resources */ = {isa = PBXBuildFile; fileRef = EAFCB95E25C5F0240029AA4F /* MTCookies */; };
		EAFCB96125C5F0240029AA4F /* MTCookies in Resources */ = {isa = PBXBuildFile; fileRef = EAFCB95E25C5F0240029AA4F /* MTCookies */; };
		EAFCB96925C72DDB0029AA4F /* HiddenWebView.swift in Sources */ = {isa = PBXBuildFile; fileRef = EAFCB96825C72DDB0029AA4F /* HiddenWebView.swift */; };
		EAFCB96A25C72DDB0029AA4F /* HiddenWebView.swift in Sources */ = {isa = PBXBuildFile; fileRef = EAFCB96825C72DDB0029AA4F /* HiddenWebView.swift */; };
		EAFCB96B25C72DDB0029AA4F /* HiddenWebView.swift in Sources */ = {isa = PBXBuildFile; fileRef = EAFCB96825C72DDB0029AA4F /* HiddenWebView.swift */; };
		EAFCB97025C807A80029AA4F /* ValuationListCellData.swift in Sources */ = {isa = PBXBuildFile; fileRef = EAFCB96F25C807A80029AA4F /* ValuationListCellData.swift */; };
		EAFCB97125C807A80029AA4F /* ValuationListCellData.swift in Sources */ = {isa = PBXBuildFile; fileRef = EAFCB96F25C807A80029AA4F /* ValuationListCellData.swift */; };
		EAFCB97225C807A80029AA4F /* ValuationListCellData.swift in Sources */ = {isa = PBXBuildFile; fileRef = EAFCB96F25C807A80029AA4F /* ValuationListCellData.swift */; };
		EAFCB97D25C9A4060029AA4F /* ValuationSummaryTVC.swift in Sources */ = {isa = PBXBuildFile; fileRef = EAFCB97C25C9A4060029AA4F /* ValuationSummaryTVC.swift */; };
		EAFCB97E25C9A4060029AA4F /* ValuationSummaryTVC.swift in Sources */ = {isa = PBXBuildFile; fileRef = EAFCB97C25C9A4060029AA4F /* ValuationSummaryTVC.swift */; };
		EAFCB97F25C9A4060029AA4F /* ValuationSummaryTVC.swift in Sources */ = {isa = PBXBuildFile; fileRef = EAFCB97C25C9A4060029AA4F /* ValuationSummaryTVC.swift */; };
		EAFCB98825C9A4DE0029AA4F /* ValuationSummaryCell.swift in Sources */ = {isa = PBXBuildFile; fileRef = EAFCB98625C9A4DE0029AA4F /* ValuationSummaryCell.swift */; };
		EAFCB98925C9A4DE0029AA4F /* ValuationSummaryCell.swift in Sources */ = {isa = PBXBuildFile; fileRef = EAFCB98625C9A4DE0029AA4F /* ValuationSummaryCell.swift */; };
		EAFCB98A25C9A4DE0029AA4F /* ValuationSummaryCell.swift in Sources */ = {isa = PBXBuildFile; fileRef = EAFCB98625C9A4DE0029AA4F /* ValuationSummaryCell.swift */; };
		EAFCB98B25C9A4DE0029AA4F /* ValuationSummaryCell.xib in Resources */ = {isa = PBXBuildFile; fileRef = EAFCB98725C9A4DE0029AA4F /* ValuationSummaryCell.xib */; };
		EAFCB98C25C9A4DE0029AA4F /* ValuationSummaryCell.xib in Resources */ = {isa = PBXBuildFile; fileRef = EAFCB98725C9A4DE0029AA4F /* ValuationSummaryCell.xib */; };
		EAFCB98D25C9A4DE0029AA4F /* ValuationSummaryCell.xib in Resources */ = {isa = PBXBuildFile; fileRef = EAFCB98725C9A4DE0029AA4F /* ValuationSummaryCell.xib */; };
/* End PBXBuildFile section */

/* Begin PBXContainerItemProxy section */
		EAC19060257641180030B331 /* PBXContainerItemProxy */ = {
			isa = PBXContainerItemProxy;
			containerPortal = EAC1903E257641160030B331 /* Project object */;
			proxyType = 1;
			remoteGlobalIDString = EAC19045257641160030B331;
			remoteInfo = TrendMyStocks;
		};
		EAC1906B257641180030B331 /* PBXContainerItemProxy */ = {
			isa = PBXContainerItemProxy;
			containerPortal = EAC1903E257641160030B331 /* Project object */;
			proxyType = 1;
			remoteGlobalIDString = EAC19045257641160030B331;
			remoteInfo = TrendMyStocks;
		};
/* End PBXContainerItemProxy section */

/* Begin PBXFileReference section */
		EA06251225D079310015FA6E /* DownloadProgressView.xib */ = {isa = PBXFileReference; lastKnownFileType = file.xib; path = DownloadProgressView.xib; sourceTree = SOURCE_ROOT; };
		EA06251925D07A230015FA6E /* DownloadProgressView.swift */ = {isa = PBXFileReference; lastKnownFileType = sourcecode.swift; path = DownloadProgressView.swift; sourceTree = "<group>"; };
		EA163F76258BA85E000974AB /* StockTrend.swift */ = {isa = PBXFileReference; lastKnownFileType = sourcecode.swift; path = StockTrend.swift; sourceTree = "<group>"; };
		EA1F86D625DC247C006791BD /* WBValuationController.swift */ = {isa = PBXFileReference; lastKnownFileType = sourcecode.swift; path = WBValuationController.swift; sourceTree = "<group>"; };
		EA225B1C25F3DE9700871D7D /* ScoreCircle.swift */ = {isa = PBXFileReference; lastKnownFileType = sourcecode.swift; path = ScoreCircle.swift; sourceTree = "<group>"; };
		EA2DB58325ACF448007AFB1F /* ErrorLogListCell.swift */ = {isa = PBXFileReference; lastKnownFileType = sourcecode.swift; name = ErrorLogListCell.swift; path = "/Users/adav/Dropbox/IOS Xcode Projects/Bulls'N'Bears/Bulls'N'Bears/ErrorList/ErrorLogListCell.swift"; sourceTree = "<absolute>"; };
		EA3207EF25EEA13200A6A6AB /* ValueListRatingCell.swift */ = {isa = PBXFileReference; lastKnownFileType = sourcecode.swift; path = ValueListRatingCell.swift; sourceTree = "<group>"; };
		EA3207F025EEA13200A6A6AB /* ValueListRatingCell.xib */ = {isa = PBXFileReference; lastKnownFileType = file.xib; path = ValueListRatingCell.xib; sourceTree = "<group>"; };
		EA3207F625EEA15900A6A6AB /* ValueListTextEntryCell.swift */ = {isa = PBXFileReference; lastKnownFileType = sourcecode.swift; path = ValueListTextEntryCell.swift; sourceTree = "<group>"; };
		EA3207F725EEA15900A6A6AB /* ValueListTextEntryCell.xib */ = {isa = PBXFileReference; lastKnownFileType = file.xib; path = ValueListTextEntryCell.xib; sourceTree = "<group>"; };
		EA32080025EEA35A00A6A6AB /* TrendMyStocks 3.xcdatamodel */ = {isa = PBXFileReference; lastKnownFileType = wrapper.xcdatamodel; path = "TrendMyStocks 3.xcdatamodel"; sourceTree = "<group>"; };
		EA32080725EED93A00A6A6AB /* UserEvaluation+CoreDataClass.swift */ = {isa = PBXFileReference; lastKnownFileType = sourcecode.swift; path = "UserEvaluation+CoreDataClass.swift"; sourceTree = SOURCE_ROOT; };
		EA32080825EED93A00A6A6AB /* UserEvaluation+CoreDataProperties.swift */ = {isa = PBXFileReference; lastKnownFileType = sourcecode.swift; path = "UserEvaluation+CoreDataProperties.swift"; sourceTree = SOURCE_ROOT; };
		EA32081A25EF9A1400A6A6AB /* WBVRatingButton.swift */ = {isa = PBXFileReference; lastKnownFileType = sourcecode.swift; path = WBVRatingButton.swift; sourceTree = "<group>"; };
		EA32082625EFDF1F00A6A6AB /* WBValuation+CoreDataClass.swift */ = {isa = PBXFileReference; lastKnownFileType = sourcecode.swift; path = "WBValuation+CoreDataClass.swift"; sourceTree = "<group>"; };
		EA32082725EFDF1F00A6A6AB /* WBValuation+CoreDataProperties.swift */ = {isa = PBXFileReference; lastKnownFileType = sourcecode.swift; path = "WBValuation+CoreDataProperties.swift"; sourceTree = "<group>"; };
		EA39A44625C5BF5300DE0FF9 /* R1WebDataAnalyser.swift */ = {isa = PBXFileReference; lastKnownFileType = sourcecode.swift; path = R1WebDataAnalyser.swift; sourceTree = "<group>"; };
		EA3DF0C3260A1184001A0098 /* LineCrossingSignal.swift */ = {isa = PBXFileReference; lastKnownFileType = sourcecode.swift; path = LineCrossingSignal.swift; sourceTree = "<group>"; };
		EA3DF0C8260B8C5A001A0098 /* BuySellView.swift */ = {isa = PBXFileReference; lastKnownFileType = sourcecode.swift; name = BuySellView.swift; path = "Bulls'N'Bears/Model Files/BuySellView.swift"; sourceTree = SOURCE_ROOT; };
		EA4B5F0525DD53900070CC70 /* WebDataDownloader.swift */ = {isa = PBXFileReference; lastKnownFileType = sourcecode.swift; path = WebDataDownloader.swift; sourceTree = "<group>"; };
		EA4B5F1625E2B6D40070CC70 /* ValueChart.swift */ = {isa = PBXFileReference; lastKnownFileType = sourcecode.swift; path = ValueChart.swift; sourceTree = "<group>"; };
		EA50DEF125D427B10005B23A /* StocksController.swift */ = {isa = PBXFileReference; lastKnownFileType = sourcecode.swift; path = StocksController.swift; sourceTree = "<group>"; };
		EA52EDC725D18D760000155F /* WebpageScraper.swift */ = {isa = PBXFileReference; lastKnownFileType = sourcecode.swift; path = WebpageScraper.swift; sourceTree = "<group>"; };
		EA5FDBE225B1EE34008918C8 /* AlertController.swift */ = {isa = PBXFileReference; lastKnownFileType = sourcecode.swift; name = AlertController.swift; path = "Bulls'N'Bears/DCFValuation FIles/AlertController.swift"; sourceTree = SOURCE_ROOT; };
		EA6AACD726050457002DE9DF /* MAC_D.swift */ = {isa = PBXFileReference; lastKnownFileType = sourcecode.swift; path = MAC_D.swift; sourceTree = SOURCE_ROOT; };
		EA6AACDE26053294002DE9DF /* MACD_View.swift */ = {isa = PBXFileReference; lastKnownFileType = sourcecode.swift; name = MACD_View.swift; path = "Bulls'N'Bears/Model Files/MACD_View.swift"; sourceTree = SOURCE_ROOT; };
		EA6EEF9126165665000FA141 /* ResearchController.swift */ = {isa = PBXFileReference; lastKnownFileType = sourcecode.swift; name = ResearchController.swift; path = "Bulls'N'Bears/ResearchController.swift"; sourceTree = SOURCE_ROOT; };
		EA736CCC25D7C8FF007FC981 /* ValuationDataCleaner.swift */ = {isa = PBXFileReference; lastKnownFileType = sourcecode.swift; path = ValuationDataCleaner.swift; sourceTree = "<group>"; };
		EA736CDD25D7E72C007FC981 /* ValuationErrorsTVC.swift */ = {isa = PBXFileReference; lastKnownFileType = sourcecode.swift; path = ValuationErrorsTVC.swift; sourceTree = SOURCE_ROOT; };
		EA79790125E6F24200663644 /* GradientColorFinder.swift */ = {isa = PBXFileReference; lastKnownFileType = sourcecode.swift; path = GradientColorFinder.swift; sourceTree = "<group>"; };
		EA7B613825C412860018BA02 /* StockTickerDictionary.csv */ = {isa = PBXFileReference; lastKnownFileType = file.bplist; path = StockTickerDictionary.csv; sourceTree = "<group>"; };
		EA805DC425D54D4E00720E68 /* StockSearchTVC.swift */ = {isa = PBXFileReference; lastKnownFileType = sourcecode.swift; path = StockSearchTVC.swift; sourceTree = "<group>"; };
		EAA099C32588020B00DBB93C /* CheckButton.swift */ = {isa = PBXFileReference; lastKnownFileType = sourcecode.swift; path = CheckButton.swift; sourceTree = "<group>"; };
		EAA69F63260E44940067EE1A /* TrendMyStocks 5.xcdatamodel */ = {isa = PBXFileReference; lastKnownFileType = wrapper.xcdatamodel; path = "TrendMyStocks 5.xcdatamodel"; sourceTree = "<group>"; };
		EAA69F72260E52550067EE1A /* GrowthCategory.swift */ = {isa = PBXFileReference; lastKnownFileType = sourcecode.swift; path = GrowthCategory.swift; sourceTree = "<group>"; };
		EAA69F7C26121A940067EE1A /* CompanyNews+CoreDataClass.swift */ = {isa = PBXFileReference; lastKnownFileType = sourcecode.swift; path = "CompanyNews+CoreDataClass.swift"; sourceTree = "<group>"; };
		EAA69F7D26121A940067EE1A /* CompanyNews+CoreDataProperties.swift */ = {isa = PBXFileReference; lastKnownFileType = sourcecode.swift; path = "CompanyNews+CoreDataProperties.swift"; sourceTree = "<group>"; };
		EAA69F9026121CA30067EE1A /* StockResearch+CoreDataClass.swift */ = {isa = PBXFileReference; lastKnownFileType = sourcecode.swift; path = "StockResearch+CoreDataClass.swift"; sourceTree = SOURCE_ROOT; };
		EAA69F9126121CA30067EE1A /* StockResearch+CoreDataProperties.swift */ = {isa = PBXFileReference; lastKnownFileType = sourcecode.swift; path = "StockResearch+CoreDataProperties.swift"; sourceTree = SOURCE_ROOT; };
		EAA69FB02612221B0067EE1A /* ResearchTVC.swift */ = {isa = PBXFileReference; lastKnownFileType = sourcecode.swift; path = ResearchTVC.swift; sourceTree = "<group>"; };
		EAA69FBB261222AF0067EE1A /* ResearchCell.swift */ = {isa = PBXFileReference; lastKnownFileType = sourcecode.swift; path = ResearchCell.swift; sourceTree = "<group>"; };
		EAA69FBC261222AF0067EE1A /* ResearchCell.xib */ = {isa = PBXFileReference; lastKnownFileType = file.xib; path = ResearchCell.xib; sourceTree = "<group>"; };
		EAAA06AF25AA01A00077A972 /* ErrorController.swift */ = {isa = PBXFileReference; lastKnownFileType = sourcecode.swift; path = ErrorController.swift; sourceTree = SOURCE_ROOT; };
		EAC07B6E25B8950E00B6C898 /* DCFWebDataAnalyser.swift */ = {isa = PBXFileReference; lastKnownFileType = sourcecode.swift; path = DCFWebDataAnalyser.swift; sourceTree = "<group>"; };
		EAC07D6525ACEE350045D83B /* ErrorListVC.swift */ = {isa = PBXFileReference; lastKnownFileType = sourcecode.swift; path = ErrorListVC.swift; sourceTree = "<group>"; };
		EAC0F15825FA7EAF00AD9E29 /* TrendMyStocks 4.xcdatamodel */ = {isa = PBXFileReference; lastKnownFileType = wrapper.xcdatamodel; path = "TrendMyStocks 4.xcdatamodel"; sourceTree = "<group>"; };
		EAC0F15925FA819E00AD9E29 /* Share+CoreDataClass.swift */ = {isa = PBXFileReference; lastKnownFileType = sourcecode.swift; path = "Share+CoreDataClass.swift"; sourceTree = SOURCE_ROOT; };
		EAC0F15A25FA819E00AD9E29 /* Share+CoreDataProperties.swift */ = {isa = PBXFileReference; lastKnownFileType = sourcecode.swift; path = "Share+CoreDataProperties.swift"; sourceTree = SOURCE_ROOT; };
		EAC19046257641160030B331 /* Bulls'N'Bears.app */ = {isa = PBXFileReference; explicitFileType = wrapper.application; includeInIndex = 0; path = "Bulls'N'Bears.app"; sourceTree = BUILT_PRODUCTS_DIR; };
		EAC19049257641160030B331 /* AppDelegate.swift */ = {isa = PBXFileReference; lastKnownFileType = sourcecode.swift; path = AppDelegate.swift; sourceTree = "<group>"; };
		EAC1904B257641160030B331 /* SceneDelegate.swift */ = {isa = PBXFileReference; lastKnownFileType = sourcecode.swift; path = SceneDelegate.swift; sourceTree = "<group>"; };
		EAC19050257641160030B331 /* Base */ = {isa = PBXFileReference; lastKnownFileType = file.storyboard; name = Base; path = Base.lproj/Main.storyboard; sourceTree = "<group>"; };
		EAC19053257641160030B331 /* TrendMyStocks.xcdatamodel */ = {isa = PBXFileReference; lastKnownFileType = wrapper.xcdatamodel; path = TrendMyStocks.xcdatamodel; sourceTree = "<group>"; };
		EAC19055257641180030B331 /* Assets.xcassets */ = {isa = PBXFileReference; lastKnownFileType = folder.assetcatalog; path = Assets.xcassets; sourceTree = "<group>"; };
		EAC19058257641180030B331 /* Base */ = {isa = PBXFileReference; lastKnownFileType = file.storyboard; name = Base; path = Base.lproj/LaunchScreen.storyboard; sourceTree = "<group>"; };
		EAC1905A257641180030B331 /* Info.plist */ = {isa = PBXFileReference; lastKnownFileType = text.plist.xml; path = Info.plist; sourceTree = "<group>"; };
		EAC1905F257641180030B331 /* Bulls'N'BearsTests.xctest */ = {isa = PBXFileReference; explicitFileType = wrapper.cfbundle; includeInIndex = 0; path = "Bulls'N'BearsTests.xctest"; sourceTree = BUILT_PRODUCTS_DIR; };
		EAC1906A257641180030B331 /* Bulls'N'BearsUITests.xctest */ = {isa = PBXFileReference; explicitFileType = wrapper.cfbundle; includeInIndex = 0; path = "Bulls'N'BearsUITests.xctest"; sourceTree = BUILT_PRODUCTS_DIR; };
		EAC19070257641180030B331 /* Info.plist */ = {isa = PBXFileReference; lastKnownFileType = text.plist.xml; path = Info.plist; sourceTree = "<group>"; };
		EAC1908E257642F20030B331 /* CSVImporter.swift */ = {isa = PBXFileReference; lastKnownFileType = sourcecode.swift; path = CSVImporter.swift; sourceTree = "<group>"; };
		EAC190B2257661F60030B331 /* MasterSplitView.swift */ = {isa = PBXFileReference; lastKnownFileType = sourcecode.swift; path = MasterSplitView.swift; sourceTree = "<group>"; };
		EAC190B9257662930030B331 /* StocksListViewController.swift */ = {isa = PBXFileReference; lastKnownFileType = sourcecode.swift; path = StocksListViewController.swift; sourceTree = "<group>"; };
		EAC190C0257663200030B331 /* PublicVars.swift */ = {isa = PBXFileReference; lastKnownFileType = sourcecode.swift; path = PublicVars.swift; sourceTree = "<group>"; };
		EAC190CA257663730030B331 /* Stock.swift */ = {isa = PBXFileReference; lastKnownFileType = sourcecode.swift; path = Stock.swift; sourceTree = "<group>"; };
		EAC190D42576731B0030B331 /* StockChartVC.swift */ = {isa = PBXFileReference; lastKnownFileType = sourcecode.swift; path = StockChartVC.swift; sourceTree = "<group>"; };
		EAC190E92577E2E20030B331 /* ChartContainerView.swift */ = {isa = PBXFileReference; lastKnownFileType = sourcecode.swift; path = ChartContainerView.swift; sourceTree = "<group>"; };
		EAC190F32577E3B60030B331 /* ChartView.swift */ = {isa = PBXFileReference; lastKnownFileType = sourcecode.swift; path = ChartView.swift; sourceTree = "<group>"; };
		EAC2FC3825A0B76B0060F387 /* DCFValuation+CoreDataClass.swift */ = {isa = PBXFileReference; lastKnownFileType = sourcecode.swift; path = "DCFValuation+CoreDataClass.swift"; sourceTree = "<group>"; };
		EAC2FC3925A0B76B0060F387 /* DCFValuation+CoreDataProperties.swift */ = {isa = PBXFileReference; lastKnownFileType = sourcecode.swift; path = "DCFValuation+CoreDataProperties.swift"; sourceTree = "<group>"; };
		EAC2FC3A25A0B76B0060F387 /* Rule1Valuation+CoreDataClass.swift */ = {isa = PBXFileReference; lastKnownFileType = sourcecode.swift; path = "Rule1Valuation+CoreDataClass.swift"; sourceTree = "<group>"; };
		EAC2FC3B25A0B76B0060F387 /* Rule1Valuation+CoreDataProperties.swift */ = {isa = PBXFileReference; lastKnownFileType = sourcecode.swift; path = "Rule1Valuation+CoreDataProperties.swift"; sourceTree = "<group>"; };
		EAC2FC4E25A0B93D0060F387 /* StockListCellTableViewCell.swift */ = {isa = PBXFileReference; lastKnownFileType = sourcecode.swift; path = StockListCellTableViewCell.swift; sourceTree = "<group>"; };
		EAC2FC4F25A0B93D0060F387 /* StockListCellTableViewCell.xib */ = {isa = PBXFileReference; lastKnownFileType = file.xib; path = StockListCellTableViewCell.xib; sourceTree = "<group>"; };
		EAC2FC6225A232780060F387 /* ValuationChooser.swift */ = {isa = PBXFileReference; lastKnownFileType = sourcecode.swift; path = ValuationChooser.swift; sourceTree = "<group>"; };
		EAC2FC6F25A23FFC0060F387 /* ValuationTableViewCell.swift */ = {isa = PBXFileReference; lastKnownFileType = sourcecode.swift; path = ValuationTableViewCell.swift; sourceTree = "<group>"; };
		EAC2FC7025A23FFC0060F387 /* ValuationTableViewCell.xib */ = {isa = PBXFileReference; lastKnownFileType = file.xib; path = ValuationTableViewCell.xib; sourceTree = "<group>"; };
		EAC2FC7A25A240290060F387 /* ValuationListViewController.swift */ = {isa = PBXFileReference; lastKnownFileType = sourcecode.swift; path = ValuationListViewController.swift; sourceTree = "<group>"; };
		EAC9890125F146E1007AE6F6 /* TrendIconView.swift */ = {isa = PBXFileReference; lastKnownFileType = sourcecode.swift; path = TrendIconView.swift; sourceTree = "<group>"; };
		EACF43322582D4C800221CEB /* DocumentBrowserViewController.swift */ = {isa = PBXFileReference; fileEncoding = 4; lastKnownFileType = sourcecode.swift; path = DocumentBrowserViewController.swift; sourceTree = "<group>"; };
		EAD835BB25DA9BA40015C93A /* WBValuationTVC.swift */ = {isa = PBXFileReference; lastKnownFileType = sourcecode.swift; name = WBValuationTVC.swift; path = "Bulls'N'Bears/WBValuationTVC.swift"; sourceTree = SOURCE_ROOT; };
		EAD835C225DB02030015C93A /* TrendMyStocks 2.xcdatamodel */ = {isa = PBXFileReference; lastKnownFileType = wrapper.xcdatamodel; path = "TrendMyStocks 2.xcdatamodel"; sourceTree = "<group>"; };
		EAD835DF25DC06EC0015C93A /* Calculator.swift */ = {isa = PBXFileReference; lastKnownFileType = sourcecode.swift; name = Calculator.swift; path = "Bulls'N'Bears/Controllers/Calculator.swift"; sourceTree = SOURCE_ROOT; };
		EAD835E625DC10700015C93A /* ValueListTVC.swift */ = {isa = PBXFileReference; lastKnownFileType = sourcecode.swift; name = ValueListTVC.swift; path = "Bulls'N'Bears/ValueListTVC.swift"; sourceTree = SOURCE_ROOT; };
		EAD835ED25DC12000015C93A /* ValueListCell.swift */ = {isa = PBXFileReference; lastKnownFileType = sourcecode.swift; path = ValueListCell.swift; sourceTree = "<group>"; };
		EAD835EE25DC12000015C93A /* ValueListCell.xib */ = {isa = PBXFileReference; lastKnownFileType = file.xib; path = ValueListCell.xib; sourceTree = "<group>"; };
		EAD835F925DC16470015C93A /* WBValuationCell.swift */ = {isa = PBXFileReference; lastKnownFileType = sourcecode.swift; path = WBValuationCell.swift; sourceTree = "<group>"; };
		EAD835FA25DC16470015C93A /* WBValuationCell.xib */ = {isa = PBXFileReference; lastKnownFileType = file.xib; path = WBValuationCell.xib; sourceTree = "<group>"; };
		EAD921622607D0CA008312E0 /* StochasticOscillator.swift */ = {isa = PBXFileReference; lastKnownFileType = sourcecode.swift; path = StochasticOscillator.swift; sourceTree = "<group>"; };
		EAD921672607D980008312E0 /* StochastikOscillatorView.swift */ = {isa = PBXFileReference; lastKnownFileType = sourcecode.swift; name = StochastikOscillatorView.swift; path = "Bulls'N'Bears/Main Display Files/StochastikOscillatorView.swift"; sourceTree = SOURCE_ROOT; };
		EAEA758B25ACF53F008EEC05 /* ErrorLogListCell.xib */ = {isa = PBXFileReference; fileEncoding = 4; lastKnownFileType = file.xib; path = ErrorLogListCell.xib; sourceTree = "<group>"; };
		EAED149325A8D0250073C46F /* Bulls'N'BearsTests.swift */ = {isa = PBXFileReference; lastKnownFileType = sourcecode.swift; name = "Bulls'N'BearsTests.swift"; path = "TrendMyStocksTests/Bulls'N'BearsTests.swift"; sourceTree = SOURCE_ROOT; };
		EAED14DC25A8D78C0073C46F /* Bulls'N'BearsUITests.swift */ = {isa = PBXFileReference; lastKnownFileType = sourcecode.swift; name = "Bulls'N'BearsUITests.swift"; path = "TrendMyStocksUITests/Bulls'N'BearsUITests.swift"; sourceTree = SOURCE_ROOT; };
		EAF5D73125AE1A8000E7A681 /* CombinedValuationController.swift */ = {isa = PBXFileReference; lastKnownFileType = sourcecode.swift; path = CombinedValuationController.swift; sourceTree = "<group>"; };
		EAF5D74225B06F2E00E7A681 /* Extensions.swift */ = {isa = PBXFileReference; lastKnownFileType = sourcecode.swift; path = Extensions.swift; sourceTree = "<group>"; };
		EAFCB95E25C5F0240029AA4F /* MTCookies */ = {isa = PBXFileReference; lastKnownFileType = file.bplist; path = MTCookies; sourceTree = "<group>"; };
		EAFCB96825C72DDB0029AA4F /* HiddenWebView.swift */ = {isa = PBXFileReference; lastKnownFileType = sourcecode.swift; path = HiddenWebView.swift; sourceTree = SOURCE_ROOT; };
		EAFCB96F25C807A80029AA4F /* ValuationListCellData.swift */ = {isa = PBXFileReference; lastKnownFileType = sourcecode.swift; path = ValuationListCellData.swift; sourceTree = SOURCE_ROOT; };
		EAFCB97C25C9A4060029AA4F /* ValuationSummaryTVC.swift */ = {isa = PBXFileReference; lastKnownFileType = sourcecode.swift; path = ValuationSummaryTVC.swift; sourceTree = SOURCE_ROOT; };
		EAFCB98625C9A4DE0029AA4F /* ValuationSummaryCell.swift */ = {isa = PBXFileReference; lastKnownFileType = sourcecode.swift; path = ValuationSummaryCell.swift; sourceTree = "<group>"; };
		EAFCB98725C9A4DE0029AA4F /* ValuationSummaryCell.xib */ = {isa = PBXFileReference; lastKnownFileType = file.xib; path = ValuationSummaryCell.xib; sourceTree = "<group>"; };
/* End PBXFileReference section */

/* Begin PBXFrameworksBuildPhase section */
		EAC19043257641160030B331 /* Frameworks */ = {
			isa = PBXFrameworksBuildPhase;
			buildActionMask = 2147483647;
			files = (
			);
			runOnlyForDeploymentPostprocessing = 0;
		};
		EAC1905C257641180030B331 /* Frameworks */ = {
			isa = PBXFrameworksBuildPhase;
			buildActionMask = 2147483647;
			files = (
			);
			runOnlyForDeploymentPostprocessing = 0;
		};
		EAC19067257641180030B331 /* Frameworks */ = {
			isa = PBXFrameworksBuildPhase;
			buildActionMask = 2147483647;
			files = (
			);
			runOnlyForDeploymentPostprocessing = 0;
		};
/* End PBXFrameworksBuildPhase section */

/* Begin PBXGroup section */
		EAA69FA6261221B10067EE1A /* Research Views */ = {
			isa = PBXGroup;
			children = (
				EA6EEF9126165665000FA141 /* ResearchController.swift */,
				EAA69FB02612221B0067EE1A /* ResearchTVC.swift */,
				EAA69FBB261222AF0067EE1A /* ResearchCell.swift */,
				EAA69FBC261222AF0067EE1A /* ResearchCell.xib */,
			);
			path = "Research Views";
			sourceTree = "<group>";
		};
		EAC1903D257641160030B331 = {
			isa = PBXGroup;
			children = (
				EAC1908E257642F20030B331 /* CSVImporter.swift */,
				EAC190C0257663200030B331 /* PublicVars.swift */,
				EAC190CA257663730030B331 /* Stock.swift */,
				EAC1904F257641160030B331 /* Main.storyboard */,
				EA163F76258BA85E000974AB /* StockTrend.swift */,
				EA7B613825C412860018BA02 /* StockTickerDictionary.csv */,
				EAFCB95E25C5F0240029AA4F /* MTCookies */,
				EAED148325A8CED20073C46F /* Bulls'N'Bears */,
				EAED148F25A8CFF70073C46F /* Bulls'N'BearsUITests */,
				EAED148425A8CF060073C46F /* Bulls'N'BearsTests */,
				EAC19047257641160030B331 /* Products */,
			);
			sourceTree = "<group>";
		};
		EAC19047257641160030B331 /* Products */ = {
			isa = PBXGroup;
			children = (
				EAC19046257641160030B331 /* Bulls'N'Bears.app */,
				EAC1905F257641180030B331 /* Bulls'N'BearsTests.xctest */,
				EAC1906A257641180030B331 /* Bulls'N'BearsUITests.xctest */,
			);
			name = Products;
			sourceTree = "<group>";
		};
		EAC2FC2D25A0B33B0060F387 /* Model Files */ = {
			isa = PBXGroup;
			children = (
				EAA69F9026121CA30067EE1A /* StockResearch+CoreDataClass.swift */,
				EAA69F9126121CA30067EE1A /* StockResearch+CoreDataProperties.swift */,
				EAA69F7C26121A940067EE1A /* CompanyNews+CoreDataClass.swift */,
				EAA69F7D26121A940067EE1A /* CompanyNews+CoreDataProperties.swift */,
				EAA69F72260E52550067EE1A /* GrowthCategory.swift */,
				EAC0F15925FA819E00AD9E29 /* Share+CoreDataClass.swift */,
				EAC0F15A25FA819E00AD9E29 /* Share+CoreDataProperties.swift */,
				EA32080725EED93A00A6A6AB /* UserEvaluation+CoreDataClass.swift */,
				EA32080825EED93A00A6A6AB /* UserEvaluation+CoreDataProperties.swift */,
				EA32082625EFDF1F00A6A6AB /* WBValuation+CoreDataClass.swift */,
				EA32082725EFDF1F00A6A6AB /* WBValuation+CoreDataProperties.swift */,
				EAC2FC3825A0B76B0060F387 /* DCFValuation+CoreDataClass.swift */,
				EAC2FC3925A0B76B0060F387 /* DCFValuation+CoreDataProperties.swift */,
				EAC2FC3A25A0B76B0060F387 /* Rule1Valuation+CoreDataClass.swift */,
				EAC2FC3B25A0B76B0060F387 /* Rule1Valuation+CoreDataProperties.swift */,
				EAC19052257641160030B331 /* TrendMyStocks.xcdatamodeld */,
			);
			path = "Model Files";
			sourceTree = "<group>";
		};
		EAC2FCA025A256B80060F387 /* Controllers */ = {
			isa = PBXGroup;
			children = (
				EAFCB96825C72DDB0029AA4F /* HiddenWebView.swift */,
				EAF5D73125AE1A8000E7A681 /* CombinedValuationController.swift */,
				EA5FDBE225B1EE34008918C8 /* AlertController.swift */,
				EAC07B6E25B8950E00B6C898 /* DCFWebDataAnalyser.swift */,
				EA52EDC725D18D760000155F /* WebpageScraper.swift */,
				EA736CCC25D7C8FF007FC981 /* ValuationDataCleaner.swift */,
				EA39A44625C5BF5300DE0FF9 /* R1WebDataAnalyser.swift */,
				EA4B5F0525DD53900070CC70 /* WebDataDownloader.swift */,
				EAF5D74225B06F2E00E7A681 /* Extensions.swift */,
				EAAA06AF25AA01A00077A972 /* ErrorController.swift */,
				EAD835DF25DC06EC0015C93A /* Calculator.swift */,
			);
			path = Controllers;
			sourceTree = "<group>";
		};
		EAD835F825DC156C0015C93A /* WB Valuation */ = {
			isa = PBXGroup;
			children = (
				EAD835BB25DA9BA40015C93A /* WBValuationTVC.swift */,
				EA1F86D625DC247C006791BD /* WBValuationController.swift */,
				EA79790125E6F24200663644 /* GradientColorFinder.swift */,
				EAD835F925DC16470015C93A /* WBValuationCell.swift */,
				EAD835FA25DC16470015C93A /* WBValuationCell.xib */,
				EAC9890125F146E1007AE6F6 /* TrendIconView.swift */,
				EAD835E625DC10700015C93A /* ValueListTVC.swift */,
				EA3207EF25EEA13200A6A6AB /* ValueListRatingCell.swift */,
				EA3207F025EEA13200A6A6AB /* ValueListRatingCell.xib */,
				EA32081A25EF9A1400A6A6AB /* WBVRatingButton.swift */,
				EA3207F625EEA15900A6A6AB /* ValueListTextEntryCell.swift */,
				EA3207F725EEA15900A6A6AB /* ValueListTextEntryCell.xib */,
				EA4B5F1625E2B6D40070CC70 /* ValueChart.swift */,
				EAD835ED25DC12000015C93A /* ValueListCell.swift */,
				EAD835EE25DC12000015C93A /* ValueListCell.xib */,
			);
			name = "WB Valuation";
			sourceTree = "<group>";
		};
		EAED148325A8CED20073C46F /* Bulls'N'Bears */ = {
			isa = PBXGroup;
			children = (
				EA6AACD726050457002DE9DF /* MAC_D.swift */,
				EAD921622607D0CA008312E0 /* StochasticOscillator.swift */,
				EA06251225D079310015FA6E /* DownloadProgressView.xib */,
				EA06251925D07A230015FA6E /* DownloadProgressView.swift */,
				EA2DB58325ACF448007AFB1F /* ErrorLogListCell.swift */,
				EAC07D6525ACEE350045D83B /* ErrorListVC.swift */,
				EAEA758B25ACF53F008EEC05 /* ErrorLogListCell.xib */,
				EAA69FA6261221B10067EE1A /* Research Views */,
				EAFD825025A4D2D800D27566 /* Main Display Files */,
				EAD835F825DC156C0015C93A /* WB Valuation */,
				EAFD824925A4D2C000D27566 /* DCFValuation FIles */,
				EACF43322582D4C800221CEB /* DocumentBrowserViewController.swift */,
				EAC19049257641160030B331 /* AppDelegate.swift */,
				EAC1904B257641160030B331 /* SceneDelegate.swift */,
				EAC19055257641180030B331 /* Assets.xcassets */,
				EAC19057257641180030B331 /* LaunchScreen.storyboard */,
				EAC1905A257641180030B331 /* Info.plist */,
				EAC2FCA025A256B80060F387 /* Controllers */,
				EAC2FC2D25A0B33B0060F387 /* Model Files */,
			);
			path = "Bulls'N'Bears";
			sourceTree = "<group>";
		};
		EAED148425A8CF060073C46F /* Bulls'N'BearsTests */ = {
			isa = PBXGroup;
			children = (
				EAED149325A8D0250073C46F /* Bulls'N'BearsTests.swift */,
			);
			path = "Bulls'N'BearsTests";
			sourceTree = "<group>";
		};
		EAED148F25A8CFF70073C46F /* Bulls'N'BearsUITests */ = {
			isa = PBXGroup;
			children = (
				EAED14DC25A8D78C0073C46F /* Bulls'N'BearsUITests.swift */,
				EAC19070257641180030B331 /* Info.plist */,
			);
			path = "Bulls'N'BearsUITests";
			sourceTree = "<group>";
		};
		EAFD824925A4D2C000D27566 /* DCFValuation FIles */ = {
			isa = PBXGroup;
			children = (
				EAC2FC7A25A240290060F387 /* ValuationListViewController.swift */,
				EA736CDD25D7E72C007FC981 /* ValuationErrorsTVC.swift */,
				EAFCB96F25C807A80029AA4F /* ValuationListCellData.swift */,
				EAC2FC6F25A23FFC0060F387 /* ValuationTableViewCell.swift */,
				EAC2FC7025A23FFC0060F387 /* ValuationTableViewCell.xib */,
				EAFCB97C25C9A4060029AA4F /* ValuationSummaryTVC.swift */,
				EAFCB98625C9A4DE0029AA4F /* ValuationSummaryCell.swift */,
				EAFCB98725C9A4DE0029AA4F /* ValuationSummaryCell.xib */,
				EAC2FC6225A232780060F387 /* ValuationChooser.swift */,
			);
			path = "DCFValuation FIles";
			sourceTree = "<group>";
		};
		EAFD825025A4D2D800D27566 /* Main Display Files */ = {
			isa = PBXGroup;
			children = (
				EA3DF0C8260B8C5A001A0098 /* BuySellView.swift */,
				EA805DC425D54D4E00720E68 /* StockSearchTVC.swift */,
				EAC190B2257661F60030B331 /* MasterSplitView.swift */,
				EAC190B9257662930030B331 /* StocksListViewController.swift */,
				EA50DEF125D427B10005B23A /* StocksController.swift */,
				EAC2FC4F25A0B93D0060F387 /* StockListCellTableViewCell.xib */,
				EAC2FC4E25A0B93D0060F387 /* StockListCellTableViewCell.swift */,
				EAC190D42576731B0030B331 /* StockChartVC.swift */,
				EAC190E92577E2E20030B331 /* ChartContainerView.swift */,
				EAA099C32588020B00DBB93C /* CheckButton.swift */,
				EAC190F32577E3B60030B331 /* ChartView.swift */,
				EA6AACDE26053294002DE9DF /* MACD_View.swift */,
				EAD921672607D980008312E0 /* StochastikOscillatorView.swift */,
				EA3DF0C3260A1184001A0098 /* LineCrossingSignal.swift */,
				EA225B1C25F3DE9700871D7D /* ScoreCircle.swift */,
			);
			path = "Main Display Files";
			sourceTree = "<group>";
		};
/* End PBXGroup section */

/* Begin PBXNativeTarget section */
		EAC19045257641160030B331 /* Bulls'N'Bears */ = {
			isa = PBXNativeTarget;
			buildConfigurationList = EAC19073257641180030B331 /* Build configuration list for PBXNativeTarget "Bulls'N'Bears" */;
			buildPhases = (
				EAC19042257641160030B331 /* Sources */,
				EAC19043257641160030B331 /* Frameworks */,
				EAC19044257641160030B331 /* Resources */,
				EAC07D5325ACE4430045D83B /* ShellScript */,
			);
			buildRules = (
			);
			dependencies = (
			);
			name = "Bulls'N'Bears";
			productName = TrendMyStocks;
			productReference = EAC19046257641160030B331 /* Bulls'N'Bears.app */;
			productType = "com.apple.product-type.application";
		};
		EAC1905E257641180030B331 /* Bulls'N'BearsTests */ = {
			isa = PBXNativeTarget;
			buildConfigurationList = EAC19076257641180030B331 /* Build configuration list for PBXNativeTarget "Bulls'N'BearsTests" */;
			buildPhases = (
				EAC1905B257641180030B331 /* Sources */,
				EAC1905C257641180030B331 /* Frameworks */,
				EAC1905D257641180030B331 /* Resources */,
			);
			buildRules = (
			);
			dependencies = (
				EAC19061257641180030B331 /* PBXTargetDependency */,
			);
			name = "Bulls'N'BearsTests";
			productName = TrendMyStocksTests;
			productReference = EAC1905F257641180030B331 /* Bulls'N'BearsTests.xctest */;
			productType = "com.apple.product-type.bundle.unit-test";
		};
		EAC19069257641180030B331 /* Bulls'N'BearsUITests */ = {
			isa = PBXNativeTarget;
			buildConfigurationList = EAC19079257641180030B331 /* Build configuration list for PBXNativeTarget "Bulls'N'BearsUITests" */;
			buildPhases = (
				EAC19066257641180030B331 /* Sources */,
				EAC19067257641180030B331 /* Frameworks */,
				EAC19068257641180030B331 /* Resources */,
			);
			buildRules = (
			);
			dependencies = (
				EAC1906C257641180030B331 /* PBXTargetDependency */,
			);
			name = "Bulls'N'BearsUITests";
			productName = TrendMyStocksUITests;
			productReference = EAC1906A257641180030B331 /* Bulls'N'BearsUITests.xctest */;
			productType = "com.apple.product-type.bundle.ui-testing";
		};
/* End PBXNativeTarget section */

/* Begin PBXProject section */
		EAC1903E257641160030B331 /* Project object */ = {
			isa = PBXProject;
			attributes = {
				LastSwiftUpdateCheck = 1220;
				LastUpgradeCheck = 1220;
				TargetAttributes = {
					EAC19045257641160030B331 = {
						CreatedOnToolsVersion = 12.2;
					};
					EAC1905E257641180030B331 = {
						CreatedOnToolsVersion = 12.2;
						TestTargetID = EAC19045257641160030B331;
					};
					EAC19069257641180030B331 = {
						CreatedOnToolsVersion = 12.2;
						TestTargetID = EAC19045257641160030B331;
					};
				};
			};
			buildConfigurationList = EAC19041257641160030B331 /* Build configuration list for PBXProject "Bulls'N'Bears" */;
			compatibilityVersion = "Xcode 9.3";
			developmentRegion = en;
			hasScannedForEncodings = 0;
			knownRegions = (
				en,
				Base,
			);
			mainGroup = EAC1903D257641160030B331;
			productRefGroup = EAC19047257641160030B331 /* Products */;
			projectDirPath = "";
			projectRoot = "";
			targets = (
				EAC19045257641160030B331 /* Bulls'N'Bears */,
				EAC1905E257641180030B331 /* Bulls'N'BearsTests */,
				EAC19069257641180030B331 /* Bulls'N'BearsUITests */,
			);
		};
/* End PBXProject section */

/* Begin PBXResourcesBuildPhase section */
		EAC19044257641160030B331 /* Resources */ = {
			isa = PBXResourcesBuildPhase;
			buildActionMask = 2147483647;
			files = (
				EAFCB98B25C9A4DE0029AA4F /* ValuationSummaryCell.xib in Resources */,
				EA3207F225EEA13200A6A6AB /* ValueListRatingCell.xib in Resources */,
				EA06251325D079310015FA6E /* DownloadProgressView.xib in Resources */,
				EAD835F225DC12000015C93A /* ValueListCell.xib in Resources */,
				EAC19059257641180030B331 /* LaunchScreen.storyboard in Resources */,
				EAD835FE25DC16470015C93A /* WBValuationCell.xib in Resources */,
				EAEA758C25ACF53F008EEC05 /* ErrorLogListCell.xib in Resources */,
				EAC19056257641180030B331 /* Assets.xcassets in Resources */,
				EAC2FC5325A0B93D0060F387 /* StockListCellTableViewCell.xib in Resources */,
				EAC19051257641160030B331 /* Main.storyboard in Resources */,
				EAC2FC7425A23FFC0060F387 /* ValuationTableViewCell.xib in Resources */,
				EA7B613925C412860018BA02 /* StockTickerDictionary.csv in Resources */,
				EAFCB95F25C5F0240029AA4F /* MTCookies in Resources */,
				EAA69FC0261222AF0067EE1A /* ResearchCell.xib in Resources */,
				EA3207F925EEA15900A6A6AB /* ValueListTextEntryCell.xib in Resources */,
			);
			runOnlyForDeploymentPostprocessing = 0;
		};
		EAC1905D257641180030B331 /* Resources */ = {
			isa = PBXResourcesBuildPhase;
			buildActionMask = 2147483647;
			files = (
				EAFCB98C25C9A4DE0029AA4F /* ValuationSummaryCell.xib in Resources */,
				EAED14FB25A8DA090073C46F /* Bulls'N'BearsTests.xctest in Resources */,
				EAFCB96025C5F0240029AA4F /* MTCookies in Resources */,
				EAD835F325DC12000015C93A /* ValueListCell.xib in Resources */,
				EAD835FF25DC16470015C93A /* WBValuationCell.xib in Resources */,
				EA7B613A25C412860018BA02 /* StockTickerDictionary.csv in Resources */,
				EAC2FC5425A0B93D0060F387 /* StockListCellTableViewCell.xib in Resources */,
				EA06251425D079310015FA6E /* DownloadProgressView.xib in Resources */,
				EAA69FC1261222AF0067EE1A /* ResearchCell.xib in Resources */,
				EAC2FC7525A23FFC0060F387 /* ValuationTableViewCell.xib in Resources */,
			);
			runOnlyForDeploymentPostprocessing = 0;
		};
		EAC19068257641180030B331 /* Resources */ = {
			isa = PBXResourcesBuildPhase;
			buildActionMask = 2147483647;
			files = (
				EAFCB98D25C9A4DE0029AA4F /* ValuationSummaryCell.xib in Resources */,
				EAED14FC25A8DA100073C46F /* Bulls'N'BearsUITests.xctest in Resources */,
				EAFCB96125C5F0240029AA4F /* MTCookies in Resources */,
				EAD835F425DC12000015C93A /* ValueListCell.xib in Resources */,
				EAD8360025DC16470015C93A /* WBValuationCell.xib in Resources */,
				EA7B613B25C412860018BA02 /* StockTickerDictionary.csv in Resources */,
				EAC2FC5525A0B93D0060F387 /* StockListCellTableViewCell.xib in Resources */,
				EA06251525D079310015FA6E /* DownloadProgressView.xib in Resources */,
				EAA69FC2261222AF0067EE1A /* ResearchCell.xib in Resources */,
				EAC2FC7625A23FFC0060F387 /* ValuationTableViewCell.xib in Resources */,
			);
			runOnlyForDeploymentPostprocessing = 0;
		};
/* End PBXResourcesBuildPhase section */

/* Begin PBXShellScriptBuildPhase section */
		EAC07D5325ACE4430045D83B /* ShellScript */ = {
			isa = PBXShellScriptBuildPhase;
			buildActionMask = 2147483647;
			files = (
			);
			inputFileListPaths = (
			);
			inputPaths = (
			);
			outputFileListPaths = (
			);
			outputPaths = (
			);
			runOnlyForDeploymentPostprocessing = 0;
			shellPath = /bin/sh;
			shellScript = "buildNumber=$(/usr/libexec/PlistBuddy -c \"Print CFBundleVersion\" \"${PROJECT_DIR}/${INFOPLIST_FILE}\")\nbuildNumber=$(($buildNumber + 1))\n/usr/libexec/PlistBuddy -c \"Set :CFBundleVersion $buildNumber\" \"${PROJECT_DIR}/${INFOPLIST_FILE}\"\n";
		};
/* End PBXShellScriptBuildPhase section */

/* Begin PBXSourcesBuildPhase section */
		EAC19042257641160030B331 /* Sources */ = {
			isa = PBXSourcesBuildPhase;
			buildActionMask = 2147483647;
			files = (
				EAC19054257641160030B331 /* TrendMyStocks.xcdatamodeld in Sources */,
				EA4B5F0625DD53900070CC70 /* WebDataDownloader.swift in Sources */,
				EAC190BA257662930030B331 /* StocksListViewController.swift in Sources */,
				EA6AACDF26053294002DE9DF /* MACD_View.swift in Sources */,
				EAFCB97D25C9A4060029AA4F /* ValuationSummaryTVC.swift in Sources */,
				EA2DB58425ACF448007AFB1F /* ErrorLogListCell.swift in Sources */,
				EAC190D52576731B0030B331 /* StockChartVC.swift in Sources */,
				EAC190EA2577E2E20030B331 /* ChartContainerView.swift in Sources */,
				EA1F86D725DC247C006791BD /* WBValuationController.swift in Sources */,
				EAD835FB25DC16470015C93A /* WBValuationCell.swift in Sources */,
				EAFCB97025C807A80029AA4F /* ValuationListCellData.swift in Sources */,
				EA4B5F1725E2B6D40070CC70 /* ValueChart.swift in Sources */,
				EAC07D6625ACEE350045D83B /* ErrorListVC.swift in Sources */,
				EAD921682607D980008312E0 /* StochastikOscillatorView.swift in Sources */,
				EA32080A25EED93A00A6A6AB /* UserEvaluation+CoreDataClass.swift in Sources */,
				EAFCB96925C72DDB0029AA4F /* HiddenWebView.swift in Sources */,
				EACF43332582D4C800221CEB /* DocumentBrowserViewController.swift in Sources */,
				EA3DF0C4260A1184001A0098 /* LineCrossingSignal.swift in Sources */,
				EAF5D74325B06F2E00E7A681 /* Extensions.swift in Sources */,
				EAC1908F257642F20030B331 /* CSVImporter.swift in Sources */,
				EA163F77258BA85E000974AB /* StockTrend.swift in Sources */,
				EA79790225E6F24200663644 /* GradientColorFinder.swift in Sources */,
				EAC2FC4525A0B76B0060F387 /* Rule1Valuation+CoreDataProperties.swift in Sources */,
				EA225B1D25F3DE9700871D7D /* ScoreCircle.swift in Sources */,
				EAC1904A257641160030B331 /* AppDelegate.swift in Sources */,
				EA3DF0C9260B8C5A001A0098 /* BuySellView.swift in Sources */,
				EAA099C42588020B00DBB93C /* CheckButton.swift in Sources */,
				EA736CDE25D7E72C007FC981 /* ValuationErrorsTVC.swift in Sources */,
				EAC2FC4225A0B76B0060F387 /* Rule1Valuation+CoreDataClass.swift in Sources */,
				EA50DEF225D427B10005B23A /* StocksController.swift in Sources */,
				EA3207F825EEA15900A6A6AB /* ValueListTextEntryCell.swift in Sources */,
				EAC0F15E25FA819E00AD9E29 /* Share+CoreDataProperties.swift in Sources */,
				EAC9890225F146E1007AE6F6 /* TrendIconView.swift in Sources */,
				EAA69F9226121CA30067EE1A /* StockResearch+CoreDataClass.swift in Sources */,
				EAFCB98825C9A4DE0029AA4F /* ValuationSummaryCell.swift in Sources */,
				EA736CCD25D7C8FF007FC981 /* ValuationDataCleaner.swift in Sources */,
				EAD921632607D0CA008312E0 /* StochasticOscillator.swift in Sources */,
				EAC1904C257641160030B331 /* SceneDelegate.swift in Sources */,
				EAA69F9526121CA30067EE1A /* StockResearch+CoreDataProperties.swift in Sources */,
				EAC2FC7125A23FFC0060F387 /* ValuationTableViewCell.swift in Sources */,
				EA6AACD826050457002DE9DF /* MAC_D.swift in Sources */,
				EA32082925EFDF1F00A6A6AB /* WBValuation+CoreDataProperties.swift in Sources */,
				EA6EEF9226165665000FA141 /* ResearchController.swift in Sources */,
				EA5FDBE325B1EE34008918C8 /* AlertController.swift in Sources */,
				EAD835E025DC06EC0015C93A /* Calculator.swift in Sources */,
				EA32081B25EF9A1400A6A6AB /* WBVRatingButton.swift in Sources */,
				EAC190C1257663200030B331 /* PublicVars.swift in Sources */,
				EA32082825EFDF1F00A6A6AB /* WBValuation+CoreDataClass.swift in Sources */,
				EAF5D73225AE1A8000E7A681 /* CombinedValuationController.swift in Sources */,
				EA39A44725C5BF5300DE0FF9 /* R1WebDataAnalyser.swift in Sources */,
				EA32080B25EED93A00A6A6AB /* UserEvaluation+CoreDataProperties.swift in Sources */,
				EAA69FBD261222AF0067EE1A /* ResearchCell.swift in Sources */,
				EA3207F125EEA13200A6A6AB /* ValueListRatingCell.swift in Sources */,
				EAD835EF25DC12000015C93A /* ValueListCell.swift in Sources */,
				EAA69F8126121A940067EE1A /* CompanyNews+CoreDataProperties.swift in Sources */,
				EAA69F7E26121A940067EE1A /* CompanyNews+CoreDataClass.swift in Sources */,
				EAAA06B025AA01A00077A972 /* ErrorController.swift in Sources */,
				EAC2FC3F25A0B76B0060F387 /* DCFValuation+CoreDataProperties.swift in Sources */,
				EAC2FC3C25A0B76B0060F387 /* DCFValuation+CoreDataClass.swift in Sources */,
				EAC07B6F25B8950E00B6C898 /* DCFWebDataAnalyser.swift in Sources */,
				EA06251A25D07A230015FA6E /* DownloadProgressView.swift in Sources */,
				EAD835E725DC10700015C93A /* ValueListTVC.swift in Sources */,
				EAC2FC7B25A240290060F387 /* ValuationListViewController.swift in Sources */,
				EAC190B3257661F60030B331 /* MasterSplitView.swift in Sources */,
				EAA69FB22612221B0067EE1A /* ResearchTVC.swift in Sources */,
				EAC190CB257663730030B331 /* Stock.swift in Sources */,
				EAD835BC25DA9BA40015C93A /* WBValuationTVC.swift in Sources */,
				EA805DC525D54D4E00720E68 /* StockSearchTVC.swift in Sources */,
				EAC2FC5025A0B93D0060F387 /* StockListCellTableViewCell.swift in Sources */,
				EAC190F42577E3B60030B331 /* ChartView.swift in Sources */,
				EAC2FC6325A232780060F387 /* ValuationChooser.swift in Sources */,
				EAC0F15B25FA819E00AD9E29 /* Share+CoreDataClass.swift in Sources */,
				EAA69F73260E52550067EE1A /* GrowthCategory.swift in Sources */,
				EA52EDC825D18D760000155F /* WebpageScraper.swift in Sources */,
			);
			runOnlyForDeploymentPostprocessing = 0;
		};
		EAC1905B257641180030B331 /* Sources */ = {
			isa = PBXSourcesBuildPhase;
			buildActionMask = 2147483647;
			files = (
				EAC2FC4325A0B76B0060F387 /* Rule1Valuation+CoreDataClass.swift in Sources */,
				EAC190C2257663200030B331 /* PublicVars.swift in Sources */,
				EAFCB98925C9A4DE0029AA4F /* ValuationSummaryCell.swift in Sources */,
				EAC190BB257662930030B331 /* StocksListViewController.swift in Sources */,
				EAC190F52577E3B60030B331 /* ChartView.swift in Sources */,
				EA06251B25D07A230015FA6E /* DownloadProgressView.swift in Sources */,
				EAC190EB2577E2E20030B331 /* ChartContainerView.swift in Sources */,
				EAC0F15F25FA819E00AD9E29 /* Share+CoreDataProperties.swift in Sources */,
				EAED149525A8D0250073C46F /* Bulls'N'BearsTests.swift in Sources */,
				EAD835E125DC06EC0015C93A /* Calculator.swift in Sources */,
				EAC190CC257663730030B331 /* Stock.swift in Sources */,
				EAA69F7F26121A940067EE1A /* CompanyNews+CoreDataClass.swift in Sources */,
				EAD835BD25DA9BA40015C93A /* WBValuationTVC.swift in Sources */,
				EAA69F8226121A940067EE1A /* CompanyNews+CoreDataProperties.swift in Sources */,
				EAC190D62576731B0030B331 /* StockChartVC.swift in Sources */,
				EAC2FC7225A23FFC0060F387 /* ValuationTableViewCell.swift in Sources */,
				EAC2FC6425A232780060F387 /* ValuationChooser.swift in Sources */,
				EAAA06B125AA01A00077A972 /* ErrorController.swift in Sources */,
				EAC19090257642F20030B331 /* CSVImporter.swift in Sources */,
				EAC2FC4625A0B76B0060F387 /* Rule1Valuation+CoreDataProperties.swift in Sources */,
				EAD835FC25DC16470015C93A /* WBValuationCell.swift in Sources */,
				EAD835E825DC10700015C93A /* ValueListTVC.swift in Sources */,
				EAC2FC5125A0B93D0060F387 /* StockListCellTableViewCell.swift in Sources */,
				EAFCB96A25C72DDB0029AA4F /* HiddenWebView.swift in Sources */,
				EAD835F025DC12000015C93A /* ValueListCell.swift in Sources */,
				EA163F78258BA85E000974AB /* StockTrend.swift in Sources */,
				EAA69FBE261222AF0067EE1A /* ResearchCell.swift in Sources */,
				EAC2FC3D25A0B76B0060F387 /* DCFValuation+CoreDataClass.swift in Sources */,
				EAFCB97125C807A80029AA4F /* ValuationListCellData.swift in Sources */,
				EAA69F9326121CA30067EE1A /* StockResearch+CoreDataClass.swift in Sources */,
				EA6AACD926050457002DE9DF /* MAC_D.swift in Sources */,
				EAA69F74260E52550067EE1A /* GrowthCategory.swift in Sources */,
				EAC190B4257661F60030B331 /* MasterSplitView.swift in Sources */,
				EAA69FB32612221B0067EE1A /* ResearchTVC.swift in Sources */,
				EAC2FC7C25A240290060F387 /* ValuationListViewController.swift in Sources */,
				EAFCB97E25C9A4060029AA4F /* ValuationSummaryTVC.swift in Sources */,
				EAC2FC4025A0B76B0060F387 /* DCFValuation+CoreDataProperties.swift in Sources */,
				EAA69F9626121CA30067EE1A /* StockResearch+CoreDataProperties.swift in Sources */,
				EA6AACE026053294002DE9DF /* MACD_View.swift in Sources */,
				EAC0F15C25FA819E00AD9E29 /* Share+CoreDataClass.swift in Sources */,
			);
			runOnlyForDeploymentPostprocessing = 0;
		};
		EAC19066257641180030B331 /* Sources */ = {
			isa = PBXSourcesBuildPhase;
			buildActionMask = 2147483647;
			files = (
				EAC2FC4425A0B76B0060F387 /* Rule1Valuation+CoreDataClass.swift in Sources */,
				EAC190C3257663200030B331 /* PublicVars.swift in Sources */,
				EAFCB98A25C9A4DE0029AA4F /* ValuationSummaryCell.swift in Sources */,
				EAC190BC257662930030B331 /* StocksListViewController.swift in Sources */,
				EAC190F62577E3B60030B331 /* ChartView.swift in Sources */,
				EA06251C25D07A230015FA6E /* DownloadProgressView.swift in Sources */,
				EAC190EC2577E2E20030B331 /* ChartContainerView.swift in Sources */,
				EAC0F16025FA819E00AD9E29 /* Share+CoreDataProperties.swift in Sources */,
				EAC190CD257663730030B331 /* Stock.swift in Sources */,
				EAD835E225DC06EC0015C93A /* Calculator.swift in Sources */,
				EAC190D72576731B0030B331 /* StockChartVC.swift in Sources */,
				EAA69F8026121A940067EE1A /* CompanyNews+CoreDataClass.swift in Sources */,
				EAD835BE25DA9BA40015C93A /* WBValuationTVC.swift in Sources */,
				EAA69F8326121A940067EE1A /* CompanyNews+CoreDataProperties.swift in Sources */,
				EAC2FC7325A23FFC0060F387 /* ValuationTableViewCell.swift in Sources */,
				EAC2FC6525A232780060F387 /* ValuationChooser.swift in Sources */,
				EAED14DF25A8D78C0073C46F /* Bulls'N'BearsUITests.swift in Sources */,
				EAAA06B225AA01A00077A972 /* ErrorController.swift in Sources */,
				EAC19091257642F20030B331 /* CSVImporter.swift in Sources */,
				EAC2FC4725A0B76B0060F387 /* Rule1Valuation+CoreDataProperties.swift in Sources */,
				EAD835FD25DC16470015C93A /* WBValuationCell.swift in Sources */,
				EAD835E925DC10700015C93A /* ValueListTVC.swift in Sources */,
				EAC2FC5225A0B93D0060F387 /* StockListCellTableViewCell.swift in Sources */,
				EAFCB96B25C72DDB0029AA4F /* HiddenWebView.swift in Sources */,
				EAD835F125DC12000015C93A /* ValueListCell.swift in Sources */,
				EA163F79258BA85E000974AB /* StockTrend.swift in Sources */,
				EAA69FBF261222AF0067EE1A /* ResearchCell.swift in Sources */,
				EAC2FC3E25A0B76B0060F387 /* DCFValuation+CoreDataClass.swift in Sources */,
				EAFCB97225C807A80029AA4F /* ValuationListCellData.swift in Sources */,
				EAA69F9426121CA30067EE1A /* StockResearch+CoreDataClass.swift in Sources */,
				EA6AACDA26050457002DE9DF /* MAC_D.swift in Sources */,
				EAA69F75260E52550067EE1A /* GrowthCategory.swift in Sources */,
				EAC190B5257661F60030B331 /* MasterSplitView.swift in Sources */,
				EAA69FB42612221B0067EE1A /* ResearchTVC.swift in Sources */,
				EAC2FC7D25A240290060F387 /* ValuationListViewController.swift in Sources */,
				EAFCB97F25C9A4060029AA4F /* ValuationSummaryTVC.swift in Sources */,
				EAC2FC4125A0B76B0060F387 /* DCFValuation+CoreDataProperties.swift in Sources */,
				EAA69F9726121CA30067EE1A /* StockResearch+CoreDataProperties.swift in Sources */,
				EA6AACE126053294002DE9DF /* MACD_View.swift in Sources */,
				EAC0F15D25FA819E00AD9E29 /* Share+CoreDataClass.swift in Sources */,
			);
			runOnlyForDeploymentPostprocessing = 0;
		};
/* End PBXSourcesBuildPhase section */

/* Begin PBXTargetDependency section */
		EAC19061257641180030B331 /* PBXTargetDependency */ = {
			isa = PBXTargetDependency;
			target = EAC19045257641160030B331 /* Bulls'N'Bears */;
			targetProxy = EAC19060257641180030B331 /* PBXContainerItemProxy */;
		};
		EAC1906C257641180030B331 /* PBXTargetDependency */ = {
			isa = PBXTargetDependency;
			target = EAC19045257641160030B331 /* Bulls'N'Bears */;
			targetProxy = EAC1906B257641180030B331 /* PBXContainerItemProxy */;
		};
/* End PBXTargetDependency section */

/* Begin PBXVariantGroup section */
		EAC1904F257641160030B331 /* Main.storyboard */ = {
			isa = PBXVariantGroup;
			children = (
				EAC19050257641160030B331 /* Base */,
			);
			name = Main.storyboard;
			sourceTree = "<group>";
		};
		EAC19057257641180030B331 /* LaunchScreen.storyboard */ = {
			isa = PBXVariantGroup;
			children = (
				EAC19058257641180030B331 /* Base */,
			);
			name = LaunchScreen.storyboard;
			sourceTree = "<group>";
		};
/* End PBXVariantGroup section */

/* Begin XCBuildConfiguration section */
		EAC19071257641180030B331 /* Debug */ = {
			isa = XCBuildConfiguration;
			buildSettings = {
				ALWAYS_SEARCH_USER_PATHS = NO;
				CLANG_ANALYZER_NONNULL = YES;
				CLANG_ANALYZER_NUMBER_OBJECT_CONVERSION = YES_AGGRESSIVE;
				CLANG_CXX_LANGUAGE_STANDARD = "gnu++14";
				CLANG_CXX_LIBRARY = "libc++";
				CLANG_ENABLE_MODULES = YES;
				CLANG_ENABLE_OBJC_ARC = YES;
				CLANG_ENABLE_OBJC_WEAK = YES;
				CLANG_WARN_BLOCK_CAPTURE_AUTORELEASING = YES;
				CLANG_WARN_BOOL_CONVERSION = YES;
				CLANG_WARN_COMMA = YES;
				CLANG_WARN_CONSTANT_CONVERSION = YES;
				CLANG_WARN_DEPRECATED_OBJC_IMPLEMENTATIONS = YES;
				CLANG_WARN_DIRECT_OBJC_ISA_USAGE = YES_ERROR;
				CLANG_WARN_DOCUMENTATION_COMMENTS = YES;
				CLANG_WARN_EMPTY_BODY = YES;
				CLANG_WARN_ENUM_CONVERSION = YES;
				CLANG_WARN_INFINITE_RECURSION = YES;
				CLANG_WARN_INT_CONVERSION = YES;
				CLANG_WARN_NON_LITERAL_NULL_CONVERSION = YES;
				CLANG_WARN_OBJC_IMPLICIT_RETAIN_SELF = YES;
				CLANG_WARN_OBJC_LITERAL_CONVERSION = YES;
				CLANG_WARN_OBJC_ROOT_CLASS = YES_ERROR;
				CLANG_WARN_QUOTED_INCLUDE_IN_FRAMEWORK_HEADER = YES;
				CLANG_WARN_RANGE_LOOP_ANALYSIS = YES;
				CLANG_WARN_STRICT_PROTOTYPES = YES;
				CLANG_WARN_SUSPICIOUS_MOVE = YES;
				CLANG_WARN_UNGUARDED_AVAILABILITY = YES_AGGRESSIVE;
				CLANG_WARN_UNREACHABLE_CODE = YES;
				CLANG_WARN__DUPLICATE_METHOD_MATCH = YES;
				COPY_PHASE_STRIP = NO;
				DEBUG_INFORMATION_FORMAT = dwarf;
				ENABLE_STRICT_OBJC_MSGSEND = YES;
				ENABLE_TESTABILITY = YES;
				GCC_C_LANGUAGE_STANDARD = gnu11;
				GCC_DYNAMIC_NO_PIC = NO;
				GCC_NO_COMMON_BLOCKS = YES;
				GCC_OPTIMIZATION_LEVEL = 0;
				GCC_PREPROCESSOR_DEFINITIONS = (
					"DEBUG=1",
					"$(inherited)",
				);
				GCC_WARN_64_TO_32_BIT_CONVERSION = YES;
				GCC_WARN_ABOUT_RETURN_TYPE = YES_ERROR;
				GCC_WARN_UNDECLARED_SELECTOR = YES;
				GCC_WARN_UNINITIALIZED_AUTOS = YES_AGGRESSIVE;
				GCC_WARN_UNUSED_FUNCTION = YES;
				GCC_WARN_UNUSED_VARIABLE = YES;
				IPHONEOS_DEPLOYMENT_TARGET = 14.0;
				MTL_ENABLE_DEBUG_INFO = INCLUDE_SOURCE;
				MTL_FAST_MATH = YES;
				ONLY_ACTIVE_ARCH = YES;
				SDKROOT = iphoneos;
				SWIFT_ACTIVE_COMPILATION_CONDITIONS = DEBUG;
				SWIFT_OPTIMIZATION_LEVEL = "-Onone";
				VERSIONING_SYSTEM = "apple-generic";
			};
			name = Debug;
		};
		EAC19072257641180030B331 /* Release */ = {
			isa = XCBuildConfiguration;
			buildSettings = {
				ALWAYS_SEARCH_USER_PATHS = NO;
				CLANG_ANALYZER_NONNULL = YES;
				CLANG_ANALYZER_NUMBER_OBJECT_CONVERSION = YES_AGGRESSIVE;
				CLANG_CXX_LANGUAGE_STANDARD = "gnu++14";
				CLANG_CXX_LIBRARY = "libc++";
				CLANG_ENABLE_MODULES = YES;
				CLANG_ENABLE_OBJC_ARC = YES;
				CLANG_ENABLE_OBJC_WEAK = YES;
				CLANG_WARN_BLOCK_CAPTURE_AUTORELEASING = YES;
				CLANG_WARN_BOOL_CONVERSION = YES;
				CLANG_WARN_COMMA = YES;
				CLANG_WARN_CONSTANT_CONVERSION = YES;
				CLANG_WARN_DEPRECATED_OBJC_IMPLEMENTATIONS = YES;
				CLANG_WARN_DIRECT_OBJC_ISA_USAGE = YES_ERROR;
				CLANG_WARN_DOCUMENTATION_COMMENTS = YES;
				CLANG_WARN_EMPTY_BODY = YES;
				CLANG_WARN_ENUM_CONVERSION = YES;
				CLANG_WARN_INFINITE_RECURSION = YES;
				CLANG_WARN_INT_CONVERSION = YES;
				CLANG_WARN_NON_LITERAL_NULL_CONVERSION = YES;
				CLANG_WARN_OBJC_IMPLICIT_RETAIN_SELF = YES;
				CLANG_WARN_OBJC_LITERAL_CONVERSION = YES;
				CLANG_WARN_OBJC_ROOT_CLASS = YES_ERROR;
				CLANG_WARN_QUOTED_INCLUDE_IN_FRAMEWORK_HEADER = YES;
				CLANG_WARN_RANGE_LOOP_ANALYSIS = YES;
				CLANG_WARN_STRICT_PROTOTYPES = YES;
				CLANG_WARN_SUSPICIOUS_MOVE = YES;
				CLANG_WARN_UNGUARDED_AVAILABILITY = YES_AGGRESSIVE;
				CLANG_WARN_UNREACHABLE_CODE = YES;
				CLANG_WARN__DUPLICATE_METHOD_MATCH = YES;
				COPY_PHASE_STRIP = NO;
				DEBUG_INFORMATION_FORMAT = "dwarf-with-dsym";
				ENABLE_NS_ASSERTIONS = NO;
				ENABLE_STRICT_OBJC_MSGSEND = YES;
				GCC_C_LANGUAGE_STANDARD = gnu11;
				GCC_NO_COMMON_BLOCKS = YES;
				GCC_WARN_64_TO_32_BIT_CONVERSION = YES;
				GCC_WARN_ABOUT_RETURN_TYPE = YES_ERROR;
				GCC_WARN_UNDECLARED_SELECTOR = YES;
				GCC_WARN_UNINITIALIZED_AUTOS = YES_AGGRESSIVE;
				GCC_WARN_UNUSED_FUNCTION = YES;
				GCC_WARN_UNUSED_VARIABLE = YES;
				IPHONEOS_DEPLOYMENT_TARGET = 14.0;
				MTL_ENABLE_DEBUG_INFO = NO;
				MTL_FAST_MATH = YES;
				SDKROOT = iphoneos;
				SWIFT_COMPILATION_MODE = wholemodule;
				SWIFT_OPTIMIZATION_LEVEL = "-O";
				VALIDATE_PRODUCT = YES;
				VERSIONING_SYSTEM = "apple-generic";
			};
			name = Release;
		};
		EAC19074257641180030B331 /* Debug */ = {
			isa = XCBuildConfiguration;
			buildSettings = {
				ASSETCATALOG_COMPILER_APPICON_NAME = AppIcon;
				ASSETCATALOG_COMPILER_GLOBAL_ACCENT_COLOR_NAME = AccentColor;
				CODE_SIGN_STYLE = Automatic;
				CURRENT_PROJECT_VERSION = 1867;
				DEVELOPMENT_TEAM = 9T25ACNCQ7;
				INFOPLIST_FILE = "Bulls'N'Bears/Info.plist";
				LD_RUNPATH_SEARCH_PATHS = (
					"$(inherited)",
					"@executable_path/Frameworks",
				);
				MARKETING_VERSION = 0.6;
				PRODUCT_BUNDLE_IDENTIFIER = co.uk.apptoolfactory.BullsNBears;
				PRODUCT_NAME = "$(TARGET_NAME)";
				SWIFT_VERSION = 5.0;
				TARGETED_DEVICE_FAMILY = 2;
			};
			name = Debug;
		};
		EAC19075257641180030B331 /* Release */ = {
			isa = XCBuildConfiguration;
			buildSettings = {
				ASSETCATALOG_COMPILER_APPICON_NAME = AppIcon;
				ASSETCATALOG_COMPILER_GLOBAL_ACCENT_COLOR_NAME = AccentColor;
				CODE_SIGN_STYLE = Automatic;
				CURRENT_PROJECT_VERSION = 1867;
				DEVELOPMENT_TEAM = 9T25ACNCQ7;
				INFOPLIST_FILE = "Bulls'N'Bears/Info.plist";
				LD_RUNPATH_SEARCH_PATHS = (
					"$(inherited)",
					"@executable_path/Frameworks",
				);
				MARKETING_VERSION = 0.6;
				PRODUCT_BUNDLE_IDENTIFIER = co.uk.apptoolfactory.BullsNBears;
				PRODUCT_NAME = "$(TARGET_NAME)";
				SWIFT_VERSION = 5.0;
				TARGETED_DEVICE_FAMILY = 2;
			};
			name = Release;
		};
		EAC19077257641180030B331 /* Debug */ = {
			isa = XCBuildConfiguration;
			buildSettings = {
				ALWAYS_EMBED_SWIFT_STANDARD_LIBRARIES = YES;
				BUNDLE_LOADER = "$(TEST_HOST)";
				CODE_SIGN_STYLE = Automatic;
				DEVELOPMENT_TEAM = 9T25ACNCQ7;
				INFOPLIST_FILE = TrendMyStocksTests/Info.plist;
				IPHONEOS_DEPLOYMENT_TARGET = 14.2;
				LD_RUNPATH_SEARCH_PATHS = (
					"$(inherited)",
					"@executable_path/Frameworks",
					"@loader_path/Frameworks",
				);
				PRODUCT_BUNDLE_IDENTIFIER = co.uk.apptoolfactory.TrendMyStocksTests;
				PRODUCT_NAME = "$(TARGET_NAME)";
				SWIFT_VERSION = 5.0;
				TARGETED_DEVICE_FAMILY = "1,2";
				TEST_HOST = "$(BUILT_PRODUCTS_DIR)/Bulls'N'Bears.app/Bulls'N'Bears";
			};
			name = Debug;
		};
		EAC19078257641180030B331 /* Release */ = {
			isa = XCBuildConfiguration;
			buildSettings = {
				ALWAYS_EMBED_SWIFT_STANDARD_LIBRARIES = YES;
				BUNDLE_LOADER = "$(TEST_HOST)";
				CODE_SIGN_STYLE = Automatic;
				DEVELOPMENT_TEAM = 9T25ACNCQ7;
				INFOPLIST_FILE = TrendMyStocksTests/Info.plist;
				IPHONEOS_DEPLOYMENT_TARGET = 14.2;
				LD_RUNPATH_SEARCH_PATHS = (
					"$(inherited)",
					"@executable_path/Frameworks",
					"@loader_path/Frameworks",
				);
				PRODUCT_BUNDLE_IDENTIFIER = co.uk.apptoolfactory.TrendMyStocksTests;
				PRODUCT_NAME = "$(TARGET_NAME)";
				SWIFT_VERSION = 5.0;
				TARGETED_DEVICE_FAMILY = "1,2";
				TEST_HOST = "$(BUILT_PRODUCTS_DIR)/Bulls'N'Bears.app/Bulls'N'Bears";
			};
			name = Release;
		};
		EAC1907A257641180030B331 /* Debug */ = {
			isa = XCBuildConfiguration;
			buildSettings = {
				ALWAYS_EMBED_SWIFT_STANDARD_LIBRARIES = YES;
				CODE_SIGN_STYLE = Automatic;
				DEVELOPMENT_TEAM = 9T25ACNCQ7;
				INFOPLIST_FILE = TrendMyStocksUITests/Info.plist;
				LD_RUNPATH_SEARCH_PATHS = (
					"$(inherited)",
					"@executable_path/Frameworks",
					"@loader_path/Frameworks",
				);
				PRODUCT_BUNDLE_IDENTIFIER = co.uk.apptoolfactory.TrendMyStocksUITests;
				PRODUCT_NAME = "$(TARGET_NAME)";
				SWIFT_VERSION = 5.0;
				TARGETED_DEVICE_FAMILY = "1,2";
				TEST_TARGET_NAME = TrendMyStocks;
			};
			name = Debug;
		};
		EAC1907B257641180030B331 /* Release */ = {
			isa = XCBuildConfiguration;
			buildSettings = {
				ALWAYS_EMBED_SWIFT_STANDARD_LIBRARIES = YES;
				CODE_SIGN_STYLE = Automatic;
				DEVELOPMENT_TEAM = 9T25ACNCQ7;
				INFOPLIST_FILE = TrendMyStocksUITests/Info.plist;
				LD_RUNPATH_SEARCH_PATHS = (
					"$(inherited)",
					"@executable_path/Frameworks",
					"@loader_path/Frameworks",
				);
				PRODUCT_BUNDLE_IDENTIFIER = co.uk.apptoolfactory.TrendMyStocksUITests;
				PRODUCT_NAME = "$(TARGET_NAME)";
				SWIFT_VERSION = 5.0;
				TARGETED_DEVICE_FAMILY = "1,2";
				TEST_TARGET_NAME = TrendMyStocks;
			};
			name = Release;
		};
/* End XCBuildConfiguration section */

/* Begin XCConfigurationList section */
		EAC19041257641160030B331 /* Build configuration list for PBXProject "Bulls'N'Bears" */ = {
			isa = XCConfigurationList;
			buildConfigurations = (
				EAC19071257641180030B331 /* Debug */,
				EAC19072257641180030B331 /* Release */,
			);
			defaultConfigurationIsVisible = 0;
			defaultConfigurationName = Release;
		};
		EAC19073257641180030B331 /* Build configuration list for PBXNativeTarget "Bulls'N'Bears" */ = {
			isa = XCConfigurationList;
			buildConfigurations = (
				EAC19074257641180030B331 /* Debug */,
				EAC19075257641180030B331 /* Release */,
			);
			defaultConfigurationIsVisible = 0;
			defaultConfigurationName = Release;
		};
		EAC19076257641180030B331 /* Build configuration list for PBXNativeTarget "Bulls'N'BearsTests" */ = {
			isa = XCConfigurationList;
			buildConfigurations = (
				EAC19077257641180030B331 /* Debug */,
				EAC19078257641180030B331 /* Release */,
			);
			defaultConfigurationIsVisible = 0;
			defaultConfigurationName = Release;
		};
		EAC19079257641180030B331 /* Build configuration list for PBXNativeTarget "Bulls'N'BearsUITests" */ = {
			isa = XCConfigurationList;
			buildConfigurations = (
				EAC1907A257641180030B331 /* Debug */,
				EAC1907B257641180030B331 /* Release */,
			);
			defaultConfigurationIsVisible = 0;
			defaultConfigurationName = Release;
		};
/* End XCConfigurationList section */

/* Begin XCVersionGroup section */
		EAC19052257641160030B331 /* TrendMyStocks.xcdatamodeld */ = {
			isa = XCVersionGroup;
			children = (
				EAA69F63260E44940067EE1A /* TrendMyStocks 5.xcdatamodel */,
				EAC0F15825FA7EAF00AD9E29 /* TrendMyStocks 4.xcdatamodel */,
				EA32080025EEA35A00A6A6AB /* TrendMyStocks 3.xcdatamodel */,
				EAD835C225DB02030015C93A /* TrendMyStocks 2.xcdatamodel */,
				EAC19053257641160030B331 /* TrendMyStocks.xcdatamodel */,
			);
			currentVersion = EAA69F63260E44940067EE1A /* TrendMyStocks 5.xcdatamodel */;
			path = TrendMyStocks.xcdatamodeld;
			sourceTree = "<group>";
			versionGroupType = wrapper.xcdatamodel;
		};
/* End XCVersionGroup section */
	};
	rootObject = EAC1903E257641160030B331 /* Project object */;
}
